{
  "object": {
    "pins": [
      {
        "package": "Alamofire",
        "repositoryURL": "https://github.com/Alamofire/Alamofire.git",
        "state": {
          "branch": null,
          "revision": "d120af1e8638c7da36c8481fd61a66c0c08dc4fc",
          "version": "5.4.4"
        }
      },
      {
        "package": "GRDB",
        "repositoryURL": "https://github.com/groue/GRDB.swift",
        "state": {
          "branch": null,
          "revision": "1ea4a44bb8d5b868a6cbea31974a42bd1fde6a35",
          "version": "5.0.0"
        }
      },
      {
        "package": "Kingfisher",
        "repositoryURL": "https://github.com/onevcat/Kingfisher.git",
        "state": {
          "branch": null,
          "revision": "318e319998bf555c3e914d5c3adb6da05af86a32",
          "version": "7.1.1"
        }
      },
      {
        "package": "Moya",
        "repositoryURL": "https://github.com/sachin-rao-coditas/Moya.git",
        "state": {
          "branch": null,
          "revision": "5bb2c0e1250dd7cfcd94ee84b8119f80206667d1",
          "version": "14.0.2"
        }
      },
      {
        "package": "ProgressWebViewController",
        "repositoryURL": "https://github.com/kf99916/ProgressWebViewController.git",
        "state": {
          "branch": null,
          "revision": "58cdc10dac54232ef3096f5caece8d006e4122be",
          "version": "2.0.0"
        }
      },
      {
        "package": "ReactiveSwift",
        "repositoryURL": "https://github.com/Moya/ReactiveSwift.git",
        "state": {
          "branch": null,
          "revision": "f195d82bb30e412e70446e2b4a77e1b514099e88",
          "version": "6.1.0"
        }
      },
      {
        "package": "RxDataSources",
        "repositoryURL": "https://github.com/RxSwiftCommunity/RxDataSources.git",
        "state": {
          "branch": null,
          "revision": "a18cee01c9ee55f04d0c7eb15c77a96c3648c88e",
          "version": "4.0.1"
        }
      },
      {
        "package": "RxGRDB",
        "repositoryURL": "https://github.com/RxSwiftCommunity/RxGRDB",
        "state": {
          "branch": null,
          "revision": "b175e9f83bb208dc6b23d78979351bd56a6172ad",
          "version": "1.0.0"
        }
      },
      {
        "package": "RxSwift",
        "repositoryURL": "https://github.com/ReactiveX/RxSwift",
        "state": {
          "branch": null,
          "revision": "cec68169a048a079f461ba203fe85636548d7a89",
          "version": "5.1.3"
        }
      },
      {
        "package": "SnapKit",
        "repositoryURL": "https://github.com/SnapKit/SnapKit",
        "state": {
          "branch": null,
          "revision": "d458564516e5676af9c70b4f4b2a9178294f1bc6",
          "version": "5.0.1"
        }
      }
    ]
  },
  "version": 1
}
