// !$*UTF8*$!
{
	archiveVersion = 1;
	classes = {
	};
	objectVersion = 52;
	objects = {

/* Begin PBXBuildFile section */
		492151F9275C8B7200922A1F /* SnapKit in Frameworks */ = {isa = PBXBuildFile; productRef = 492151F8275C8B7200922A1F /* SnapKit */; };
		49215203275C8C4E00922A1F /* RxSwift in Frameworks */ = {isa = PBXBuildFile; productRef = 49215202275C8C4E00922A1F /* RxSwift */; };
		49215205275C8C4E00922A1F /* RxTest in Frameworks */ = {isa = PBXBuildFile; productRef = 49215204275C8C4E00922A1F /* RxTest */; };
		49215207275C8C4E00922A1F /* RxRelay in Frameworks */ = {isa = PBXBuildFile; productRef = 49215206275C8C4E00922A1F /* RxRelay */; };
		49215209275C8C4E00922A1F /* RxCocoa in Frameworks */ = {isa = PBXBuildFile; productRef = 49215208275C8C4E00922A1F /* RxCocoa */; };
		4921520B275C8C4E00922A1F /* RxBlocking in Frameworks */ = {isa = PBXBuildFile; productRef = 4921520A275C8C4E00922A1F /* RxBlocking */; };
		4921520E275C8C7900922A1F /* Moya in Frameworks */ = {isa = PBXBuildFile; productRef = 4921520D275C8C7900922A1F /* Moya */; };
		49215210275C8C7900922A1F /* ReactiveMoya in Frameworks */ = {isa = PBXBuildFile; productRef = 4921520F275C8C7900922A1F /* ReactiveMoya */; };
		49215212275C8C7900922A1F /* RxMoya in Frameworks */ = {isa = PBXBuildFile; productRef = 49215211275C8C7900922A1F /* RxMoya */; };
		49215215275C8C9500922A1F /* Kingfisher in Frameworks */ = {isa = PBXBuildFile; productRef = 49215214275C8C9500922A1F /* Kingfisher */; };
		49215218275C8CB300922A1F /* GRDB in Frameworks */ = {isa = PBXBuildFile; productRef = 49215217275C8CB300922A1F /* GRDB */; };
		4959D3CF275C899D00B4DDC4 /* AppDelegate.swift in Sources */ = {isa = PBXBuildFile; fileRef = 4959D3CE275C899D00B4DDC4 /* AppDelegate.swift */; };
		4959D3D1275C899D00B4DDC4 /* SceneDelegate.swift in Sources */ = {isa = PBXBuildFile; fileRef = 4959D3D0275C899D00B4DDC4 /* SceneDelegate.swift */; };
		4959D3D3275C899D00B4DDC4 /* ViewController.swift in Sources */ = {isa = PBXBuildFile; fileRef = 4959D3D2275C899D00B4DDC4 /* ViewController.swift */; };
		4959D3D6275C899D00B4DDC4 /* Main.storyboard in Resources */ = {isa = PBXBuildFile; fileRef = 4959D3D4275C899D00B4DDC4 /* Main.storyboard */; };
		4959D3D9275C899D00B4DDC4 /* guardian.xcdatamodeld in Sources */ = {isa = PBXBuildFile; fileRef = 4959D3D7275C899D00B4DDC4 /* guardian.xcdatamodeld */; };
		4959D3DB275C899E00B4DDC4 /* Assets.xcassets in Resources */ = {isa = PBXBuildFile; fileRef = 4959D3DA275C899E00B4DDC4 /* Assets.xcassets */; };
		4959D3DE275C899E00B4DDC4 /* LaunchScreen.storyboard in Resources */ = {isa = PBXBuildFile; fileRef = 4959D3DC275C899E00B4DDC4 /* LaunchScreen.storyboard */; };
/* End PBXBuildFile section */

/* Begin PBXFileReference section */
		4959D3CB275C899D00B4DDC4 /* guardian.app */ = {isa = PBXFileReference; explicitFileType = wrapper.application; includeInIndex = 0; path = guardian.app; sourceTree = BUILT_PRODUCTS_DIR; };
		4959D3CE275C899D00B4DDC4 /* AppDelegate.swift */ = {isa = PBXFileReference; lastKnownFileType = sourcecode.swift; path = AppDelegate.swift; sourceTree = "<group>"; };
		4959D3D0275C899D00B4DDC4 /* SceneDelegate.swift */ = {isa = PBXFileReference; lastKnownFileType = sourcecode.swift; path = SceneDelegate.swift; sourceTree = "<group>"; };
		4959D3D2275C899D00B4DDC4 /* ViewController.swift */ = {isa = PBXFileReference; lastKnownFileType = sourcecode.swift; path = ViewController.swift; sourceTree = "<group>"; };
		4959D3D5275C899D00B4DDC4 /* Base */ = {isa = PBXFileReference; lastKnownFileType = file.storyboard; name = Base; path = Base.lproj/Main.storyboard; sourceTree = "<group>"; };
		4959D3D8275C899D00B4DDC4 /* guardian.xcdatamodel */ = {isa = PBXFileReference; lastKnownFileType = wrapper.xcdatamodel; path = guardian.xcdatamodel; sourceTree = "<group>"; };
		4959D3DA275C899E00B4DDC4 /* Assets.xcassets */ = {isa = PBXFileReference; lastKnownFileType = folder.assetcatalog; path = Assets.xcassets; sourceTree = "<group>"; };
		4959D3DD275C899E00B4DDC4 /* Base */ = {isa = PBXFileReference; lastKnownFileType = file.storyboard; name = Base; path = Base.lproj/LaunchScreen.storyboard; sourceTree = "<group>"; };
		4959D3DF275C899E00B4DDC4 /* Info.plist */ = {isa = PBXFileReference; lastKnownFileType = text.plist.xml; path = Info.plist; sourceTree = "<group>"; };
/* End PBXFileReference section */

/* Begin PBXFrameworksBuildPhase section */
		4959D3C8275C899D00B4DDC4 /* Frameworks */ = {
			isa = PBXFrameworksBuildPhase;
			buildActionMask = 2147483647;
			files = (
				49215203275C8C4E00922A1F /* RxSwift in Frameworks */,
				4921520B275C8C4E00922A1F /* RxBlocking in Frameworks */,
				49215205275C8C4E00922A1F /* RxTest in Frameworks */,
				49215209275C8C4E00922A1F /* RxCocoa in Frameworks */,
				49215218275C8CB300922A1F /* GRDB in Frameworks */,
				49215215275C8C9500922A1F /* Kingfisher in Frameworks */,
				49215207275C8C4E00922A1F /* RxRelay in Frameworks */,
				49215210275C8C7900922A1F /* ReactiveMoya in Frameworks */,
				49215212275C8C7900922A1F /* RxMoya in Frameworks */,
				4921520E275C8C7900922A1F /* Moya in Frameworks */,
				492151F9275C8B7200922A1F /* SnapKit in Frameworks */,
			);
			runOnlyForDeploymentPostprocessing = 0;
		};
/* End PBXFrameworksBuildPhase section */

/* Begin PBXGroup section */
		4959D3C2275C899D00B4DDC4 = {
			isa = PBXGroup;
			children = (
				4959D3CD275C899D00B4DDC4 /* guardian */,
				4959D3CC275C899D00B4DDC4 /* Products */,
			);
			sourceTree = "<group>";
		};
		4959D3CC275C899D00B4DDC4 /* Products */ = {
			isa = PBXGroup;
			children = (
				4959D3CB275C899D00B4DDC4 /* guardian.app */,
			);
			name = Products;
			sourceTree = "<group>";
		};
		4959D3CD275C899D00B4DDC4 /* guardian */ = {
			isa = PBXGroup;
			children = (
				4959D3CE275C899D00B4DDC4 /* AppDelegate.swift */,
				4959D3D0275C899D00B4DDC4 /* SceneDelegate.swift */,
				4959D3D2275C899D00B4DDC4 /* ViewController.swift */,
				4959D3D4275C899D00B4DDC4 /* Main.storyboard */,
				4959D3DA275C899E00B4DDC4 /* Assets.xcassets */,
				4959D3DC275C899E00B4DDC4 /* LaunchScreen.storyboard */,
				4959D3DF275C899E00B4DDC4 /* Info.plist */,
				4959D3D7275C899D00B4DDC4 /* guardian.xcdatamodeld */,
			);
			path = guardian;
			sourceTree = "<group>";
		};
/* End PBXGroup section */

/* Begin PBXNativeTarget section */
		4959D3CA275C899D00B4DDC4 /* guardian */ = {
			isa = PBXNativeTarget;
			buildConfigurationList = 4959D3E2275C899E00B4DDC4 /* Build configuration list for PBXNativeTarget "guardian" */;
			buildPhases = (
				4959D3C7275C899D00B4DDC4 /* Sources */,
				4959D3C8275C899D00B4DDC4 /* Frameworks */,
				4959D3C9275C899D00B4DDC4 /* Resources */,
			);
			buildRules = (
			);
			dependencies = (
			);
			name = guardian;
			packageProductDependencies = (
				492151F8275C8B7200922A1F /* SnapKit */,
				49215202275C8C4E00922A1F /* RxSwift */,
				49215204275C8C4E00922A1F /* RxTest */,
				49215206275C8C4E00922A1F /* RxRelay */,
				49215208275C8C4E00922A1F /* RxCocoa */,
				4921520A275C8C4E00922A1F /* RxBlocking */,
				4921520D275C8C7900922A1F /* Moya */,
				4921520F275C8C7900922A1F /* ReactiveMoya */,
				49215211275C8C7900922A1F /* RxMoya */,
				49215214275C8C9500922A1F /* Kingfisher */,
				49215217275C8CB300922A1F /* GRDB */,
			);
			productName = guardian;
			productReference = 4959D3CB275C899D00B4DDC4 /* guardian.app */;
			productType = "com.apple.product-type.application";
		};
/* End PBXNativeTarget section */

/* Begin PBXProject section */
		4959D3C3275C899D00B4DDC4 /* Project object */ = {
			isa = PBXProject;
			attributes = {
				LastSwiftUpdateCheck = 1250;
				LastUpgradeCheck = 1250;
				TargetAttributes = {
					4959D3CA275C899D00B4DDC4 = {
						CreatedOnToolsVersion = 12.5;
					};
				};
			};
			buildConfigurationList = 4959D3C6275C899D00B4DDC4 /* Build configuration list for PBXProject "guardian" */;
			compatibilityVersion = "Xcode 9.3";
			developmentRegion = en;
			hasScannedForEncodings = 0;
			knownRegions = (
				en,
				Base,
			);
			mainGroup = 4959D3C2275C899D00B4DDC4;
			packageReferences = (
				492151F7275C8B7200922A1F /* XCRemoteSwiftPackageReference "SnapKit" */,
				49215201275C8C4E00922A1F /* XCRemoteSwiftPackageReference "RxSwift" */,
				4921520C275C8C7900922A1F /* XCRemoteSwiftPackageReference "Moya" */,
				49215213275C8C9500922A1F /* XCRemoteSwiftPackageReference "Kingfisher" */,
				49215216275C8CB300922A1F /* XCRemoteSwiftPackageReference "GRDB" */,
			);
			productRefGroup = 4959D3CC275C899D00B4DDC4 /* Products */;
			projectDirPath = "";
			projectRoot = "";
			targets = (
				4959D3CA275C899D00B4DDC4 /* guardian */,
			);
		};
/* End PBXProject section */

/* Begin PBXResourcesBuildPhase section */
		4959D3C9275C899D00B4DDC4 /* Resources */ = {
			isa = PBXResourcesBuildPhase;
			buildActionMask = 2147483647;
			files = (
				4959D3DE275C899E00B4DDC4 /* LaunchScreen.storyboard in Resources */,
				4959D3DB275C899E00B4DDC4 /* Assets.xcassets in Resources */,
				4959D3D6275C899D00B4DDC4 /* Main.storyboard in Resources */,
			);
			runOnlyForDeploymentPostprocessing = 0;
		};
/* End PBXResourcesBuildPhase section */

/* Begin PBXSourcesBuildPhase section */
		4959D3C7275C899D00B4DDC4 /* Sources */ = {
			isa = PBXSourcesBuildPhase;
			buildActionMask = 2147483647;
			files = (
				4959D3D9275C899D00B4DDC4 /* guardian.xcdatamodeld in Sources */,
				4959D3D3275C899D00B4DDC4 /* ViewController.swift in Sources */,
				4959D3CF275C899D00B4DDC4 /* AppDelegate.swift in Sources */,
				4959D3D1275C899D00B4DDC4 /* SceneDelegate.swift in Sources */,
			);
			runOnlyForDeploymentPostprocessing = 0;
		};
/* End PBXSourcesBuildPhase section */

/* Begin PBXVariantGroup section */
		4959D3D4275C899D00B4DDC4 /* Main.storyboard */ = {
			isa = PBXVariantGroup;
			children = (
				4959D3D5275C899D00B4DDC4 /* Base */,
			);
			name = Main.storyboard;
			sourceTree = "<group>";
		};
		4959D3DC275C899E00B4DDC4 /* LaunchScreen.storyboard */ = {
			isa = PBXVariantGroup;
			children = (
				4959D3DD275C899E00B4DDC4 /* Base */,
			);
			name = LaunchScreen.storyboard;
			sourceTree = "<group>";
		};
/* End PBXVariantGroup section */

/* Begin XCBuildConfiguration section */
		4959D3E0275C899E00B4DDC4 /* Debug */ = {
			isa = XCBuildConfiguration;
			buildSettings = {
				ALWAYS_SEARCH_USER_PATHS = NO;
				CLANG_ANALYZER_NONNULL = YES;
				CLANG_ANALYZER_NUMBER_OBJECT_CONVERSION = YES_AGGRESSIVE;
				CLANG_CXX_LANGUAGE_STANDARD = "gnu++14";
				CLANG_CXX_LIBRARY = "libc++";
				CLANG_ENABLE_MODULES = YES;
				CLANG_ENABLE_OBJC_ARC = YES;
				CLANG_ENABLE_OBJC_WEAK = YES;
				CLANG_WARN_BLOCK_CAPTURE_AUTORELEASING = YES;
				CLANG_WARN_BOOL_CONVERSION = YES;
				CLANG_WARN_COMMA = YES;
				CLANG_WARN_CONSTANT_CONVERSION = YES;
				CLANG_WARN_DEPRECATED_OBJC_IMPLEMENTATIONS = YES;
				CLANG_WARN_DIRECT_OBJC_ISA_USAGE = YES_ERROR;
				CLANG_WARN_DOCUMENTATION_COMMENTS = YES;
				CLANG_WARN_EMPTY_BODY = YES;
				CLANG_WARN_ENUM_CONVERSION = YES;
				CLANG_WARN_INFINITE_RECURSION = YES;
				CLANG_WARN_INT_CONVERSION = YES;
				CLANG_WARN_NON_LITERAL_NULL_CONVERSION = YES;
				CLANG_WARN_OBJC_IMPLICIT_RETAIN_SELF = YES;
				CLANG_WARN_OBJC_LITERAL_CONVERSION = YES;
				CLANG_WARN_OBJC_ROOT_CLASS = YES_ERROR;
				CLANG_WARN_QUOTED_INCLUDE_IN_FRAMEWORK_HEADER = YES;
				CLANG_WARN_RANGE_LOOP_ANALYSIS = YES;
				CLANG_WARN_STRICT_PROTOTYPES = YES;
				CLANG_WARN_SUSPICIOUS_MOVE = YES;
				CLANG_WARN_UNGUARDED_AVAILABILITY = YES_AGGRESSIVE;
				CLANG_WARN_UNREACHABLE_CODE = YES;
				CLANG_WARN__DUPLICATE_METHOD_MATCH = YES;
				COPY_PHASE_STRIP = NO;
				DEBUG_INFORMATION_FORMAT = dwarf;
				ENABLE_STRICT_OBJC_MSGSEND = YES;
				ENABLE_TESTABILITY = YES;
				GCC_C_LANGUAGE_STANDARD = gnu11;
				GCC_DYNAMIC_NO_PIC = NO;
				GCC_NO_COMMON_BLOCKS = YES;
				GCC_OPTIMIZATION_LEVEL = 0;
				GCC_PREPROCESSOR_DEFINITIONS = (
					"DEBUG=1",
					"$(inherited)",
				);
				GCC_WARN_64_TO_32_BIT_CONVERSION = YES;
				GCC_WARN_ABOUT_RETURN_TYPE = YES_ERROR;
				GCC_WARN_UNDECLARED_SELECTOR = YES;
				GCC_WARN_UNINITIALIZED_AUTOS = YES_AGGRESSIVE;
				GCC_WARN_UNUSED_FUNCTION = YES;
				GCC_WARN_UNUSED_VARIABLE = YES;
				IPHONEOS_DEPLOYMENT_TARGET = 13.0;
				MTL_ENABLE_DEBUG_INFO = INCLUDE_SOURCE;
				MTL_FAST_MATH = YES;
				ONLY_ACTIVE_ARCH = YES;
				SDKROOT = iphoneos;
				SWIFT_ACTIVE_COMPILATION_CONDITIONS = DEBUG;
				SWIFT_OPTIMIZATION_LEVEL = "-Onone";
			};
			name = Debug;
		};
		4959D3E1275C899E00B4DDC4 /* Release */ = {
			isa = XCBuildConfiguration;
			buildSettings = {
				ALWAYS_SEARCH_USER_PATHS = NO;
				CLANG_ANALYZER_NONNULL = YES;
				CLANG_ANALYZER_NUMBER_OBJECT_CONVERSION = YES_AGGRESSIVE;
				CLANG_CXX_LANGUAGE_STANDARD = "gnu++14";
				CLANG_CXX_LIBRARY = "libc++";
				CLANG_ENABLE_MODULES = YES;
				CLANG_ENABLE_OBJC_ARC = YES;
				CLANG_ENABLE_OBJC_WEAK = YES;
				CLANG_WARN_BLOCK_CAPTURE_AUTORELEASING = YES;
				CLANG_WARN_BOOL_CONVERSION = YES;
				CLANG_WARN_COMMA = YES;
				CLANG_WARN_CONSTANT_CONVERSION = YES;
				CLANG_WARN_DEPRECATED_OBJC_IMPLEMENTATIONS = YES;
				CLANG_WARN_DIRECT_OBJC_ISA_USAGE = YES_ERROR;
				CLANG_WARN_DOCUMENTATION_COMMENTS = YES;
				CLANG_WARN_EMPTY_BODY = YES;
				CLANG_WARN_ENUM_CONVERSION = YES;
				CLANG_WARN_INFINITE_RECURSION = YES;
				CLANG_WARN_INT_CONVERSION = YES;
				CLANG_WARN_NON_LITERAL_NULL_CONVERSION = YES;
				CLANG_WARN_OBJC_IMPLICIT_RETAIN_SELF = YES;
				CLANG_WARN_OBJC_LITERAL_CONVERSION = YES;
				CLANG_WARN_OBJC_ROOT_CLASS = YES_ERROR;
				CLANG_WARN_QUOTED_INCLUDE_IN_FRAMEWORK_HEADER = YES;
				CLANG_WARN_RANGE_LOOP_ANALYSIS = YES;
				CLANG_WARN_STRICT_PROTOTYPES = YES;
				CLANG_WARN_SUSPICIOUS_MOVE = YES;
				CLANG_WARN_UNGUARDED_AVAILABILITY = YES_AGGRESSIVE;
				CLANG_WARN_UNREACHABLE_CODE = YES;
				CLANG_WARN__DUPLICATE_METHOD_MATCH = YES;
				COPY_PHASE_STRIP = NO;
				DEBUG_INFORMATION_FORMAT = "dwarf-with-dsym";
				ENABLE_NS_ASSERTIONS = NO;
				ENABLE_STRICT_OBJC_MSGSEND = YES;
				GCC_C_LANGUAGE_STANDARD = gnu11;
				GCC_NO_COMMON_BLOCKS = YES;
				GCC_WARN_64_TO_32_BIT_CONVERSION = YES;
				GCC_WARN_ABOUT_RETURN_TYPE = YES_ERROR;
				GCC_WARN_UNDECLARED_SELECTOR = YES;
				GCC_WARN_UNINITIALIZED_AUTOS = YES_AGGRESSIVE;
				GCC_WARN_UNUSED_FUNCTION = YES;
				GCC_WARN_UNUSED_VARIABLE = YES;
				IPHONEOS_DEPLOYMENT_TARGET = 13.0;
				MTL_ENABLE_DEBUG_INFO = NO;
				MTL_FAST_MATH = YES;
				SDKROOT = iphoneos;
				SWIFT_COMPILATION_MODE = wholemodule;
				SWIFT_OPTIMIZATION_LEVEL = "-O";
				VALIDATE_PRODUCT = YES;
			};
			name = Release;
		};
		4959D3E3275C899E00B4DDC4 /* Debug */ = {
			isa = XCBuildConfiguration;
			buildSettings = {
				ASSETCATALOG_COMPILER_APPICON_NAME = AppIcon;
				ASSETCATALOG_COMPILER_GLOBAL_ACCENT_COLOR_NAME = AccentColor;
				CODE_SIGN_STYLE = Automatic;
				INFOPLIST_FILE = guardian/Info.plist;
				LD_RUNPATH_SEARCH_PATHS = (
					"$(inherited)",
					"@executable_path/Frameworks",
				);
				PRODUCT_BUNDLE_IDENTIFIER = com.example.guardian.guardian;
				PRODUCT_NAME = "$(TARGET_NAME)";
				SWIFT_VERSION = 5.0;
				TARGETED_DEVICE_FAMILY = 1;
			};
			name = Debug;
		};
		4959D3E4275C899E00B4DDC4 /* Release */ = {
			isa = XCBuildConfiguration;
			buildSettings = {
				ASSETCATALOG_COMPILER_APPICON_NAME = AppIcon;
				ASSETCATALOG_COMPILER_GLOBAL_ACCENT_COLOR_NAME = AccentColor;
				CODE_SIGN_STYLE = Automatic;
				INFOPLIST_FILE = guardian/Info.plist;
				LD_RUNPATH_SEARCH_PATHS = (
					"$(inherited)",
					"@executable_path/Frameworks",
				);
				PRODUCT_BUNDLE_IDENTIFIER = com.example.guardian.guardian;
				PRODUCT_NAME = "$(TARGET_NAME)";
				SWIFT_VERSION = 5.0;
				TARGETED_DEVICE_FAMILY = 1;
			};
			name = Release;
		};
/* End XCBuildConfiguration section */

/* Begin XCConfigurationList section */
		4959D3C6275C899D00B4DDC4 /* Build configuration list for PBXProject "guardian" */ = {
			isa = XCConfigurationList;
			buildConfigurations = (
				4959D3E0275C899E00B4DDC4 /* Debug */,
				4959D3E1275C899E00B4DDC4 /* Release */,
			);
			defaultConfigurationIsVisible = 0;
			defaultConfigurationName = Release;
		};
		4959D3E2275C899E00B4DDC4 /* Build configuration list for PBXNativeTarget "guardian" */ = {
			isa = XCConfigurationList;
			buildConfigurations = (
				4959D3E3275C899E00B4DDC4 /* Debug */,
				4959D3E4275C899E00B4DDC4 /* Release */,
			);
			defaultConfigurationIsVisible = 0;
			defaultConfigurationName = Release;
		};
/* End XCConfigurationList section */

/* Begin XCRemoteSwiftPackageReference section */
		492151F7275C8B7200922A1F /* XCRemoteSwiftPackageReference "SnapKit" */ = {
			isa = XCRemoteSwiftPackageReference;
			repositoryURL = "https://github.com/SnapKit/SnapKit.git";
			requirement = {
				kind = upToNextMajorVersion;
				minimumVersion = 5.0.1;
			};
		};
		49215201275C8C4E00922A1F /* XCRemoteSwiftPackageReference "RxSwift" */ = {
			isa = XCRemoteSwiftPackageReference;
			repositoryURL = "https://github.com/ReactiveX/RxSwift";
			requirement = {
				kind = upToNextMajorVersion;
				minimumVersion = 5.1.1;
			};
		};
		4921520C275C8C7900922A1F /* XCRemoteSwiftPackageReference "Moya" */ = {
			isa = XCRemoteSwiftPackageReference;
			repositoryURL = "https://github.com/sachin-rao-coditas/Moya.git";
			requirement = {
				kind = upToNextMajorVersion;
				minimumVersion = 14.0.2;
			};
		};
		49215213275C8C9500922A1F /* XCRemoteSwiftPackageReference "Kingfisher" */ = {
			isa = XCRemoteSwiftPackageReference;
			repositoryURL = "https://github.com/onevcat/Kingfisher";
			requirement = {
				kind = upToNextMajorVersion;
				minimumVersion = 7.1.1;
			};
		};
		49215216275C8CB300922A1F /* XCRemoteSwiftPackageReference "GRDB" */ = {
			isa = XCRemoteSwiftPackageReference;
			repositoryURL = "https://github.com/groue/GRDB.swift";
			requirement = {
				kind = upToNextMajorVersion;
				minimumVersion = 5.15.0;
			};
		};
/* End XCRemoteSwiftPackageReference section */

/* Begin XCSwiftPackageProductDependency section */
		492151F8275C8B7200922A1F /* SnapKit */ = {
			isa = XCSwiftPackageProductDependency;
			package = 492151F7275C8B7200922A1F /* XCRemoteSwiftPackageReference "SnapKit" */;
			productName = SnapKit;
		};
		49215202275C8C4E00922A1F /* RxSwift */ = {
			isa = XCSwiftPackageProductDependency;
			package = 49215201275C8C4E00922A1F /* XCRemoteSwiftPackageReference "RxSwift" */;
			productName = RxSwift;
		};
		49215204275C8C4E00922A1F /* RxTest */ = {
			isa = XCSwiftPackageProductDependency;
			package = 49215201275C8C4E00922A1F /* XCRemoteSwiftPackageReference "RxSwift" */;
			productName = RxTest;
		};
		49215206275C8C4E00922A1F /* RxRelay */ = {
			isa = XCSwiftPackageProductDependency;
			package = 49215201275C8C4E00922A1F /* XCRemoteSwiftPackageReference "RxSwift" */;
			productName = RxRelay;
		};
		49215208275C8C4E00922A1F /* RxCocoa */ = {
			isa = XCSwiftPackageProductDependency;
			package = 49215201275C8C4E00922A1F /* XCRemoteSwiftPackageReference "RxSwift" */;
			productName = RxCocoa;
		};
		4921520A275C8C4E00922A1F /* RxBlocking */ = {
			isa = XCSwiftPackageProductDependency;
			package = 49215201275C8C4E00922A1F /* XCRemoteSwiftPackageReference "RxSwift" */;
			productName = RxBlocking;
		};
		4921520D275C8C7900922A1F /* Moya */ = {
			isa = XCSwiftPackageProductDependency;
			package = 4921520C275C8C7900922A1F /* XCRemoteSwiftPackageReference "Moya" */;
			productName = Moya;
		};
		4921520F275C8C7900922A1F /* ReactiveMoya */ = {
			isa = XCSwiftPackageProductDependency;
			package = 4921520C275C8C7900922A1F /* XCRemoteSwiftPackageReference "Moya" */;
			productName = ReactiveMoya;
		};
		49215211275C8C7900922A1F /* RxMoya */ = {
			isa = XCSwiftPackageProductDependency;
			package = 4921520C275C8C7900922A1F /* XCRemoteSwiftPackageReference "Moya" */;
			productName = RxMoya;
		};
		49215214275C8C9500922A1F /* Kingfisher */ = {
			isa = XCSwiftPackageProductDependency;
			package = 49215213275C8C9500922A1F /* XCRemoteSwiftPackageReference "Kingfisher" */;
			productName = Kingfisher;
		};
		49215217275C8CB300922A1F /* GRDB */ = {
			isa = XCSwiftPackageProductDependency;
			package = 49215216275C8CB300922A1F /* XCRemoteSwiftPackageReference "GRDB" */;
			productName = GRDB;
		};
/* End XCSwiftPackageProductDependency section */

/* Begin XCVersionGroup section */
		4959D3D7275C899D00B4DDC4 /* guardian.xcdatamodeld */ = {
			isa = XCVersionGroup;
			children = (
				4959D3D8275C899D00B4DDC4 /* guardian.xcdatamodel */,
			);
			currentVersion = 4959D3D8275C899D00B4DDC4 /* guardian.xcdatamodel */;
			path = guardian.xcdatamodeld;
			sourceTree = "<group>";
			versionGroupType = wrapper.xcdatamodel;
		};
/* End XCVersionGroup section */
	};
	rootObject = 4959D3C3275C899D00B4DDC4 /* Project object */;
}
