// !$*UTF8*$!
{
	archiveVersion = 1;
	classes = {
	};
	objectVersion = 52;
	objects = {

/* Begin PBXBuildFile section */
		4921521B275C930300922A1F /* ApplicationController.swift in Sources */ = {isa = PBXBuildFile; fileRef = 4921521A275C930300922A1F /* ApplicationController.swift */; };
		4921521D275C932E00922A1F /* AppDependency.swift in Sources */ = {isa = PBXBuildFile; fileRef = 4921521C275C932E00922A1F /* AppDependency.swift */; };
		49215220275C940B00922A1F /* AllInjectables.swift in Sources */ = {isa = PBXBuildFile; fileRef = 4921521F275C940B00922A1F /* AllInjectables.swift */; };
		49215222275C946200922A1F /* AppLevelInjectables.swift in Sources */ = {isa = PBXBuildFile; fileRef = 49215221275C946200922A1F /* AppLevelInjectables.swift */; };
		49215225275C98B300922A1F /* ViewControllerFactory.swift in Sources */ = {isa = PBXBuildFile; fileRef = 49215224275C98B300922A1F /* ViewControllerFactory.swift */; };
		4921522A275C999800922A1F /* NetworkCancellable.swift in Sources */ = {isa = PBXBuildFile; fileRef = 49215229275C999800922A1F /* NetworkCancellable.swift */; };
		4921522C275C99B200922A1F /* NetworkType.swift in Sources */ = {isa = PBXBuildFile; fileRef = 4921522B275C99B200922A1F /* NetworkType.swift */; };
		4921522F275C99E500922A1F /* NewsApi.swift in Sources */ = {isa = PBXBuildFile; fileRef = 4921522E275C99E500922A1F /* NewsApi.swift */; };
		49215232275C9B9500922A1F /* ApiError.swift in Sources */ = {isa = PBXBuildFile; fileRef = 49215231275C9B9500922A1F /* ApiError.swift */; };
		49215235275C9C5F00922A1F /* Extensions.swift in Sources */ = {isa = PBXBuildFile; fileRef = 49215234275C9C5F00922A1F /* Extensions.swift */; };
		4921523B275C9DFE00922A1F /* URLRequrest+Extension.swift in Sources */ = {isa = PBXBuildFile; fileRef = 49215238275C9DFE00922A1F /* URLRequrest+Extension.swift */; };
		4921523C275C9DFE00922A1F /* MoyaResponse+Extension.swift in Sources */ = {isa = PBXBuildFile; fileRef = 49215239275C9DFE00922A1F /* MoyaResponse+Extension.swift */; };
		4921523D275C9DFE00922A1F /* MoyaError+Extension.swift in Sources */ = {isa = PBXBuildFile; fileRef = 4921523A275C9DFE00922A1F /* MoyaError+Extension.swift */; };
		49215240275CA08D00922A1F /* Network.swift in Sources */ = {isa = PBXBuildFile; fileRef = 4921523F275CA08D00922A1F /* Network.swift */; };
		49215242275CA0CD00922A1F /* NetworkConnectivity.swift in Sources */ = {isa = PBXBuildFile; fileRef = 49215241275CA0CD00922A1F /* NetworkConnectivity.swift */; };
		49215244275CA1DF00922A1F /* PersistenceStore.swift in Sources */ = {isa = PBXBuildFile; fileRef = 49215243275CA1DF00922A1F /* PersistenceStore.swift */; };
		49215246275CA20500922A1F /* GRDB.swift in Sources */ = {isa = PBXBuildFile; fileRef = 49215245275CA20500922A1F /* GRDB.swift */; };
		49215249275CA3FC00922A1F /* AppCoordinator.swift in Sources */ = {isa = PBXBuildFile; fileRef = 49215248275CA3FC00922A1F /* AppCoordinator.swift */; };
		4921524B275CA5D300922A1F /* Container.swift in Sources */ = {isa = PBXBuildFile; fileRef = 4921524A275CA5D300922A1F /* Container.swift */; };
		4921524E275CA5EF00922A1F /* Presentable.swift in Sources */ = {isa = PBXBuildFile; fileRef = 4921524D275CA5EF00922A1F /* Presentable.swift */; };
		49215250275CA60F00922A1F /* RouterType.swift in Sources */ = {isa = PBXBuildFile; fileRef = 4921524F275CA60F00922A1F /* RouterType.swift */; };
		49215253275CA63400922A1F /* BaseCoordinator.swift in Sources */ = {isa = PBXBuildFile; fileRef = 49215252275CA63400922A1F /* BaseCoordinator.swift */; };
		49215256275CA66B00922A1F /* NavigationControllerCoordinator.swift in Sources */ = {isa = PBXBuildFile; fileRef = 49215255275CA66B00922A1F /* NavigationControllerCoordinator.swift */; };
		49215258275CA68200922A1F /* NavigationDelegate.swift in Sources */ = {isa = PBXBuildFile; fileRef = 49215257275CA68200922A1F /* NavigationDelegate.swift */; };
		4921525A275CA6CD00922A1F /* NavigationRouter.swift in Sources */ = {isa = PBXBuildFile; fileRef = 49215259275CA6CD00922A1F /* NavigationRouter.swift */; };
		4921525C275CA6EF00922A1F /* UINavigationController+Extensions.swift in Sources */ = {isa = PBXBuildFile; fileRef = 4921525B275CA6EF00922A1F /* UINavigationController+Extensions.swift */; };
		4921525F275CA71E00922A1F /* Animation.swift in Sources */ = {isa = PBXBuildFile; fileRef = 4921525E275CA71E00922A1F /* Animation.swift */; };
		49215261275CA73200922A1F /* Animation+Fade.swift in Sources */ = {isa = PBXBuildFile; fileRef = 49215260275CA73200922A1F /* Animation+Fade.swift */; };
		49215263275CA75300922A1F /* Animation+SideBySide.swift in Sources */ = {isa = PBXBuildFile; fileRef = 49215262275CA75300922A1F /* Animation+SideBySide.swift */; };
		49215265275CA76F00922A1F /* InteractiveTransitionAnimation.swift in Sources */ = {isa = PBXBuildFile; fileRef = 49215264275CA76F00922A1F /* InteractiveTransitionAnimation.swift */; };
		49215267275CA7A900922A1F /* StaticTransitionAnimation.swift in Sources */ = {isa = PBXBuildFile; fileRef = 49215266275CA7A900922A1F /* StaticTransitionAnimation.swift */; };
		49215269275CA7C800922A1F /* TransitionAnimation.swift in Sources */ = {isa = PBXBuildFile; fileRef = 49215268275CA7C800922A1F /* TransitionAnimation.swift */; };
		49215271275CAE3C00922A1F /* HomeViewController.swift in Sources */ = {isa = PBXBuildFile; fileRef = 4921526F275CAE3C00922A1F /* HomeViewController.swift */; };
		49215272275CAE3C00922A1F /* HomeViewController.xib in Resources */ = {isa = PBXBuildFile; fileRef = 49215270275CAE3C00922A1F /* HomeViewController.xib */; };
		49215279275CBBAD00922A1F /* HomeViewModel.swift in Sources */ = {isa = PBXBuildFile; fileRef = 49215278275CBBAD00922A1F /* HomeViewModel.swift */; };
		4921527B275CC1FD00922A1F /* HomeCoordinator.swift in Sources */ = {isa = PBXBuildFile; fileRef = 4921527A275CC1FD00922A1F /* HomeCoordinator.swift */; };
		4921527D275CC4A900922A1F /* HomeRepository.swift in Sources */ = {isa = PBXBuildFile; fileRef = 4921527C275CC4A900922A1F /* HomeRepository.swift */; };
		4921527F275CC5F700922A1F /* HomePersistanceService.swift in Sources */ = {isa = PBXBuildFile; fileRef = 4921527E275CC5F700922A1F /* HomePersistanceService.swift */; };
		49215281275CC70A00922A1F /* HomeViewInjectables.swift in Sources */ = {isa = PBXBuildFile; fileRef = 49215280275CC70A00922A1F /* HomeViewInjectables.swift */; };
		49215283275CC75500922A1F /* NewsDao.swift in Sources */ = {isa = PBXBuildFile; fileRef = 49215282275CC75500922A1F /* NewsDao.swift */; };
		49215288275CCD6F00922A1F /* News.swift in Sources */ = {isa = PBXBuildFile; fileRef = 49215287275CC89100922A1F /* News.swift */; };
		49215289275CCD7200922A1F /* NewsResponse.swift in Sources */ = {isa = PBXBuildFile; fileRef = 49215286275CC89100922A1F /* NewsResponse.swift */; };
		493E4452276A39B700F73735 /* UIViewControllerStatePresentable.swift in Sources */ = {isa = PBXBuildFile; fileRef = 493E4451276A39B700F73735 /* UIViewControllerStatePresentable.swift */; };
		493E4454276A39D200F73735 /* LoadingStateViewController.swift in Sources */ = {isa = PBXBuildFile; fileRef = 493E4453276A39D200F73735 /* LoadingStateViewController.swift */; };
		493E4456276A39EA00F73735 /* ErrorStateViewController.swift in Sources */ = {isa = PBXBuildFile; fileRef = 493E4455276A39EA00F73735 /* ErrorStateViewController.swift */; };
		493E4458276A39FF00F73735 /* EmptyStateViewController.swift in Sources */ = {isa = PBXBuildFile; fileRef = 493E4457276A39FF00F73735 /* EmptyStateViewController.swift */; };
		493E445A276A3BC600F73735 /* JTMaterialSpinner.swift in Sources */ = {isa = PBXBuildFile; fileRef = 493E4459276A3BC600F73735 /* JTMaterialSpinner.swift */; };
		493E445D276A3C6100F73735 /* LoadingView.swift in Sources */ = {isa = PBXBuildFile; fileRef = 493E445C276A3C6100F73735 /* LoadingView.swift */; };
		493E445F276A3C6C00F73735 /* LoadingView.xib in Resources */ = {isa = PBXBuildFile; fileRef = 493E445E276A3C6C00F73735 /* LoadingView.xib */; };
		493E4461276A3CF000F73735 /* NIBCreatableView.swift in Sources */ = {isa = PBXBuildFile; fileRef = 493E4460276A3CF000F73735 /* NIBCreatableView.swift */; };
		493E4464276A3DF900F73735 /* EmptyOrErrorDataView.swift in Sources */ = {isa = PBXBuildFile; fileRef = 493E4463276A3DF900F73735 /* EmptyOrErrorDataView.swift */; };
		493E4466276A3E6C00F73735 /* Observables+Extensions.swift in Sources */ = {isa = PBXBuildFile; fileRef = 493E4465276A3E6C00F73735 /* Observables+Extensions.swift */; };
		493E4468276A3F0500F73735 /* EmptyOrErrorDataView.xib in Resources */ = {isa = PBXBuildFile; fileRef = 493E4467276A3F0400F73735 /* EmptyOrErrorDataView.xib */; };
		494BBC73275E309D00010CF0 /* RxSwift in Frameworks */ = {isa = PBXBuildFile; productRef = 494BBC72275E309D00010CF0 /* RxSwift */; };
		494BBC75275E309D00010CF0 /* RxRelay in Frameworks */ = {isa = PBXBuildFile; productRef = 494BBC74275E309D00010CF0 /* RxRelay */; };
		494BBC77275E309D00010CF0 /* RxCocoa in Frameworks */ = {isa = PBXBuildFile; productRef = 494BBC76275E309D00010CF0 /* RxCocoa */; };
		494BBC79275E309D00010CF0 /* RxBlocking in Frameworks */ = {isa = PBXBuildFile; productRef = 494BBC78275E309D00010CF0 /* RxBlocking */; };
		494BBC7C275E30DA00010CF0 /* GRDB in Frameworks */ = {isa = PBXBuildFile; productRef = 494BBC7B275E30DA00010CF0 /* GRDB */; };
		494BBC7F275E30E600010CF0 /* RxGRDB in Frameworks */ = {isa = PBXBuildFile; productRef = 494BBC7E275E30E600010CF0 /* RxGRDB */; };
		494BBC82275E310300010CF0 /* RxDataSources in Frameworks */ = {isa = PBXBuildFile; productRef = 494BBC81275E310300010CF0 /* RxDataSources */; };
		494BBC84275E310300010CF0 /* Differentiator in Frameworks */ = {isa = PBXBuildFile; productRef = 494BBC83275E310300010CF0 /* Differentiator */; };
		494BBC87275E314600010CF0 /* ReactiveMoya in Frameworks */ = {isa = PBXBuildFile; productRef = 494BBC86275E314600010CF0 /* ReactiveMoya */; };
		494BBC89275E314600010CF0 /* CombineMoya in Frameworks */ = {isa = PBXBuildFile; productRef = 494BBC88275E314600010CF0 /* CombineMoya */; };
		494BBC8B275E314600010CF0 /* RxMoya in Frameworks */ = {isa = PBXBuildFile; productRef = 494BBC8A275E314600010CF0 /* RxMoya */; };
		494BBC8D275E314600010CF0 /* Moya in Frameworks */ = {isa = PBXBuildFile; productRef = 494BBC8C275E314600010CF0 /* Moya */; };
		4959D3CF275C899D00B4DDC4 /* AppDelegate.swift in Sources */ = {isa = PBXBuildFile; fileRef = 4959D3CE275C899D00B4DDC4 /* AppDelegate.swift */; };
		4959D3DB275C899E00B4DDC4 /* Assets.xcassets in Resources */ = {isa = PBXBuildFile; fileRef = 4959D3DA275C899E00B4DDC4 /* Assets.xcassets */; };
		4959D3DE275C899E00B4DDC4 /* LaunchScreen.storyboard in Resources */ = {isa = PBXBuildFile; fileRef = 4959D3DC275C899E00B4DDC4 /* LaunchScreen.storyboard */; };
		495D0276276EF6EA009216E4 /* SplashViewInjectable.swift in Sources */ = {isa = PBXBuildFile; fileRef = 495D0275276EF6EA009216E4 /* SplashViewInjectable.swift */; };
		4962039D275CDA19004F26C5 /* Kingfisher in Frameworks */ = {isa = PBXBuildFile; productRef = 4962039C275CDA19004F26C5 /* Kingfisher */; };
		496203A0275CDA34004F26C5 /* SnapKit in Frameworks */ = {isa = PBXBuildFile; productRef = 4962039F275CDA34004F26C5 /* SnapKit */; };
		496203BE275CDC8D004F26C5 /* AtomicObject.swift in Sources */ = {isa = PBXBuildFile; fileRef = 496203BD275CDC8D004F26C5 /* AtomicObject.swift */; };
		496203C0275CDCD8004F26C5 /* RateLimiter.swift in Sources */ = {isa = PBXBuildFile; fileRef = 496203BF275CDCD8004F26C5 /* RateLimiter.swift */; };
		496203C2275CDEBE004F26C5 /* NetworkRequestDecisionPolicy.swift in Sources */ = {isa = PBXBuildFile; fileRef = 496203C1275CDEBE004F26C5 /* NetworkRequestDecisionPolicy.swift */; };
		4973C090275CF6FE0086F5C6 /* PaddingLabel.swift in Sources */ = {isa = PBXBuildFile; fileRef = 4973C08F275CF6FE0086F5C6 /* PaddingLabel.swift */; };
		4973C092275CF7250086F5C6 /* UIKit+Extension.swift in Sources */ = {isa = PBXBuildFile; fileRef = 4973C091275CF7250086F5C6 /* UIKit+Extension.swift */; };
		4973C094275CF75E0086F5C6 /* Debouncer.swift in Sources */ = {isa = PBXBuildFile; fileRef = 4973C093275CF75E0086F5C6 /* Debouncer.swift */; };
		4973C098275D07940086F5C6 /* NewsItemTableViewCell.swift in Sources */ = {isa = PBXBuildFile; fileRef = 4973C096275D07940086F5C6 /* NewsItemTableViewCell.swift */; };
		4973C099275D07940086F5C6 /* NewsItemTableViewCell.xib in Resources */ = {isa = PBXBuildFile; fileRef = 4973C097275D07940086F5C6 /* NewsItemTableViewCell.xib */; };
		4973C09B275D0D740086F5C6 /* UITableView+Extension.swift in Sources */ = {isa = PBXBuildFile; fileRef = 4973C09A275D0D740086F5C6 /* UITableView+Extension.swift */; };
		4973C0A1275D55FD0086F5C6 /* NewsFields.swift in Sources */ = {isa = PBXBuildFile; fileRef = 4973C0A0275D55FD0086F5C6 /* NewsFields.swift */; };
		4973C0A4275DB0CE0086F5C6 /* NewsDetailsViewController.swift in Sources */ = {isa = PBXBuildFile; fileRef = 4973C0A2275DB0CE0086F5C6 /* NewsDetailsViewController.swift */; };
		4973C0A5275DB0CF0086F5C6 /* NewsDetailsViewController.xib in Resources */ = {isa = PBXBuildFile; fileRef = 4973C0A3275DB0CE0086F5C6 /* NewsDetailsViewController.xib */; };
		4973C0AB275DB26F0086F5C6 /* ProgressWebViewController in Frameworks */ = {isa = PBXBuildFile; productRef = 4973C0AA275DB26F0086F5C6 /* ProgressWebViewController */; };
		4973C0AD275DB3090086F5C6 /* BrowerViewControllerDisplayable.swift in Sources */ = {isa = PBXBuildFile; fileRef = 4973C0AC275DB3090086F5C6 /* BrowerViewControllerDisplayable.swift */; };
		4973C0AF275DB4280086F5C6 /* NewsDetailsCoordinator.swift in Sources */ = {isa = PBXBuildFile; fileRef = 4973C0AE275DB4280086F5C6 /* NewsDetailsCoordinator.swift */; };
		4973C0B1275DB4A50086F5C6 /* NewsDetailsViewModel.swift in Sources */ = {isa = PBXBuildFile; fileRef = 4973C0B0275DB4A50086F5C6 /* NewsDetailsViewModel.swift */; };
		497D14FD276DF56A00E12CB1 /* FirebaseRemoteConfig in Frameworks */ = {isa = PBXBuildFile; productRef = 497D14FC276DF56A00E12CB1 /* FirebaseRemoteConfig */; };
		497D14FF276DF97E00E12CB1 /* GoogleService-Info.plist in Resources */ = {isa = PBXBuildFile; fileRef = 497D14FE276DF97E00E12CB1 /* GoogleService-Info.plist */; };
		497D1503276DFDDA00E12CB1 /* NewsApiEndPointProvider.swift in Sources */ = {isa = PBXBuildFile; fileRef = 497D1502276DFDDA00E12CB1 /* NewsApiEndPointProvider.swift */; };
		497D1505276DFE0D00E12CB1 /* ApiKeyProvider.swift in Sources */ = {isa = PBXBuildFile; fileRef = 497D1504276DFE0D00E12CB1 /* ApiKeyProvider.swift */; };
		497D1509276E040500E12CB1 /* SplashViewController.swift in Sources */ = {isa = PBXBuildFile; fileRef = 497D1507276E040500E12CB1 /* SplashViewController.swift */; };
		497D150A276E040500E12CB1 /* SplashViewController.xib in Resources */ = {isa = PBXBuildFile; fileRef = 497D1508276E040500E12CB1 /* SplashViewController.xib */; };
		497D150D276E042000E12CB1 /* SplashViewModel.swift in Sources */ = {isa = PBXBuildFile; fileRef = 497D150C276E042000E12CB1 /* SplashViewModel.swift */; };
		497D150F276E042E00E12CB1 /* SplashCoordinator.swift in Sources */ = {isa = PBXBuildFile; fileRef = 497D150E276E042E00E12CB1 /* SplashCoordinator.swift */; };
		497D1516276E1F2D00E12CB1 /* SwiftKeychainWrapper in Frameworks */ = {isa = PBXBuildFile; productRef = 497D1515276E1F2D00E12CB1 /* SwiftKeychainWrapper */; };
		497D1518276E1F5500E12CB1 /* SecuredDataStore.swift in Sources */ = {isa = PBXBuildFile; fileRef = 497D1517276E1F5500E12CB1 /* SecuredDataStore.swift */; };
		499877C7276C7469001C0C51 /* DateFormatters.swift in Sources */ = {isa = PBXBuildFile; fileRef = 499877C6276C7469001C0C51 /* DateFormatters.swift */; };
/* End PBXBuildFile section */

/* Begin PBXFileReference section */
		4921521A275C930300922A1F /* ApplicationController.swift */ = {isa = PBXFileReference; lastKnownFileType = sourcecode.swift; path = ApplicationController.swift; sourceTree = "<group>"; };
		4921521C275C932E00922A1F /* AppDependency.swift */ = {isa = PBXFileReference; lastKnownFileType = sourcecode.swift; path = AppDependency.swift; sourceTree = "<group>"; };
		4921521F275C940B00922A1F /* AllInjectables.swift */ = {isa = PBXFileReference; lastKnownFileType = sourcecode.swift; path = AllInjectables.swift; sourceTree = "<group>"; };
		49215221275C946200922A1F /* AppLevelInjectables.swift */ = {isa = PBXFileReference; lastKnownFileType = sourcecode.swift; path = AppLevelInjectables.swift; sourceTree = "<group>"; };
		49215224275C98B300922A1F /* ViewControllerFactory.swift */ = {isa = PBXFileReference; lastKnownFileType = sourcecode.swift; path = ViewControllerFactory.swift; sourceTree = "<group>"; };
		49215229275C999800922A1F /* NetworkCancellable.swift */ = {isa = PBXFileReference; lastKnownFileType = sourcecode.swift; path = NetworkCancellable.swift; sourceTree = "<group>"; };
		4921522B275C99B200922A1F /* NetworkType.swift */ = {isa = PBXFileReference; lastKnownFileType = sourcecode.swift; path = NetworkType.swift; sourceTree = "<group>"; };
		4921522E275C99E500922A1F /* NewsApi.swift */ = {isa = PBXFileReference; lastKnownFileType = sourcecode.swift; path = NewsApi.swift; sourceTree = "<group>"; };
		49215231275C9B9500922A1F /* ApiError.swift */ = {isa = PBXFileReference; lastKnownFileType = sourcecode.swift; path = ApiError.swift; sourceTree = "<group>"; };
		49215234275C9C5F00922A1F /* Extensions.swift */ = {isa = PBXFileReference; lastKnownFileType = sourcecode.swift; path = Extensions.swift; sourceTree = "<group>"; };
		49215238275C9DFE00922A1F /* URLRequrest+Extension.swift */ = {isa = PBXFileReference; fileEncoding = 4; lastKnownFileType = sourcecode.swift; path = "URLRequrest+Extension.swift"; sourceTree = "<group>"; };
		49215239275C9DFE00922A1F /* MoyaResponse+Extension.swift */ = {isa = PBXFileReference; fileEncoding = 4; lastKnownFileType = sourcecode.swift; path = "MoyaResponse+Extension.swift"; sourceTree = "<group>"; };
		4921523A275C9DFE00922A1F /* MoyaError+Extension.swift */ = {isa = PBXFileReference; fileEncoding = 4; lastKnownFileType = sourcecode.swift; path = "MoyaError+Extension.swift"; sourceTree = "<group>"; };
		4921523F275CA08D00922A1F /* Network.swift */ = {isa = PBXFileReference; lastKnownFileType = sourcecode.swift; path = Network.swift; sourceTree = "<group>"; };
		49215241275CA0CD00922A1F /* NetworkConnectivity.swift */ = {isa = PBXFileReference; lastKnownFileType = sourcecode.swift; path = NetworkConnectivity.swift; sourceTree = "<group>"; };
		49215243275CA1DF00922A1F /* PersistenceStore.swift */ = {isa = PBXFileReference; lastKnownFileType = sourcecode.swift; path = PersistenceStore.swift; sourceTree = "<group>"; };
		49215245275CA20500922A1F /* GRDB.swift */ = {isa = PBXFileReference; lastKnownFileType = sourcecode.swift; path = GRDB.swift; sourceTree = "<group>"; };
		49215248275CA3FC00922A1F /* AppCoordinator.swift */ = {isa = PBXFileReference; lastKnownFileType = sourcecode.swift; path = AppCoordinator.swift; sourceTree = "<group>"; };
		4921524A275CA5D300922A1F /* Container.swift */ = {isa = PBXFileReference; lastKnownFileType = sourcecode.swift; path = Container.swift; sourceTree = "<group>"; };
		4921524D275CA5EF00922A1F /* Presentable.swift */ = {isa = PBXFileReference; lastKnownFileType = sourcecode.swift; path = Presentable.swift; sourceTree = "<group>"; };
		4921524F275CA60F00922A1F /* RouterType.swift */ = {isa = PBXFileReference; lastKnownFileType = sourcecode.swift; path = RouterType.swift; sourceTree = "<group>"; };
		49215252275CA63400922A1F /* BaseCoordinator.swift */ = {isa = PBXFileReference; lastKnownFileType = sourcecode.swift; path = BaseCoordinator.swift; sourceTree = "<group>"; };
		49215255275CA66B00922A1F /* NavigationControllerCoordinator.swift */ = {isa = PBXFileReference; lastKnownFileType = sourcecode.swift; path = NavigationControllerCoordinator.swift; sourceTree = "<group>"; };
		49215257275CA68200922A1F /* NavigationDelegate.swift */ = {isa = PBXFileReference; lastKnownFileType = sourcecode.swift; path = NavigationDelegate.swift; sourceTree = "<group>"; };
		49215259275CA6CD00922A1F /* NavigationRouter.swift */ = {isa = PBXFileReference; lastKnownFileType = sourcecode.swift; path = NavigationRouter.swift; sourceTree = "<group>"; };
		4921525B275CA6EF00922A1F /* UINavigationController+Extensions.swift */ = {isa = PBXFileReference; lastKnownFileType = sourcecode.swift; path = "UINavigationController+Extensions.swift"; sourceTree = "<group>"; };
		4921525E275CA71E00922A1F /* Animation.swift */ = {isa = PBXFileReference; lastKnownFileType = sourcecode.swift; path = Animation.swift; sourceTree = "<group>"; };
		49215260275CA73200922A1F /* Animation+Fade.swift */ = {isa = PBXFileReference; lastKnownFileType = sourcecode.swift; path = "Animation+Fade.swift"; sourceTree = "<group>"; };
		49215262275CA75300922A1F /* Animation+SideBySide.swift */ = {isa = PBXFileReference; lastKnownFileType = sourcecode.swift; path = "Animation+SideBySide.swift"; sourceTree = "<group>"; };
		49215264275CA76F00922A1F /* InteractiveTransitionAnimation.swift */ = {isa = PBXFileReference; lastKnownFileType = sourcecode.swift; path = InteractiveTransitionAnimation.swift; sourceTree = "<group>"; };
		49215266275CA7A900922A1F /* StaticTransitionAnimation.swift */ = {isa = PBXFileReference; lastKnownFileType = sourcecode.swift; path = StaticTransitionAnimation.swift; sourceTree = "<group>"; };
		49215268275CA7C800922A1F /* TransitionAnimation.swift */ = {isa = PBXFileReference; lastKnownFileType = sourcecode.swift; path = TransitionAnimation.swift; sourceTree = "<group>"; };
		4921526F275CAE3C00922A1F /* HomeViewController.swift */ = {isa = PBXFileReference; lastKnownFileType = sourcecode.swift; path = HomeViewController.swift; sourceTree = "<group>"; };
		49215270275CAE3C00922A1F /* HomeViewController.xib */ = {isa = PBXFileReference; lastKnownFileType = file.xib; path = HomeViewController.xib; sourceTree = "<group>"; };
		49215278275CBBAD00922A1F /* HomeViewModel.swift */ = {isa = PBXFileReference; lastKnownFileType = sourcecode.swift; path = HomeViewModel.swift; sourceTree = "<group>"; };
		4921527A275CC1FD00922A1F /* HomeCoordinator.swift */ = {isa = PBXFileReference; lastKnownFileType = sourcecode.swift; path = HomeCoordinator.swift; sourceTree = "<group>"; };
		4921527C275CC4A900922A1F /* HomeRepository.swift */ = {isa = PBXFileReference; lastKnownFileType = sourcecode.swift; path = HomeRepository.swift; sourceTree = "<group>"; };
		4921527E275CC5F700922A1F /* HomePersistanceService.swift */ = {isa = PBXFileReference; lastKnownFileType = sourcecode.swift; path = HomePersistanceService.swift; sourceTree = "<group>"; };
		49215280275CC70A00922A1F /* HomeViewInjectables.swift */ = {isa = PBXFileReference; lastKnownFileType = sourcecode.swift; path = HomeViewInjectables.swift; sourceTree = "<group>"; };
		49215282275CC75500922A1F /* NewsDao.swift */ = {isa = PBXFileReference; lastKnownFileType = sourcecode.swift; path = NewsDao.swift; sourceTree = "<group>"; };
		49215286275CC89100922A1F /* NewsResponse.swift */ = {isa = PBXFileReference; lastKnownFileType = sourcecode.swift; path = NewsResponse.swift; sourceTree = "<group>"; };
		49215287275CC89100922A1F /* News.swift */ = {isa = PBXFileReference; lastKnownFileType = sourcecode.swift; path = News.swift; sourceTree = "<group>"; };
		493E4451276A39B700F73735 /* UIViewControllerStatePresentable.swift */ = {isa = PBXFileReference; lastKnownFileType = sourcecode.swift; path = UIViewControllerStatePresentable.swift; sourceTree = "<group>"; };
		493E4453276A39D200F73735 /* LoadingStateViewController.swift */ = {isa = PBXFileReference; lastKnownFileType = sourcecode.swift; path = LoadingStateViewController.swift; sourceTree = "<group>"; };
		493E4455276A39EA00F73735 /* ErrorStateViewController.swift */ = {isa = PBXFileReference; lastKnownFileType = sourcecode.swift; path = ErrorStateViewController.swift; sourceTree = "<group>"; };
		493E4457276A39FF00F73735 /* EmptyStateViewController.swift */ = {isa = PBXFileReference; lastKnownFileType = sourcecode.swift; path = EmptyStateViewController.swift; sourceTree = "<group>"; };
		493E4459276A3BC600F73735 /* JTMaterialSpinner.swift */ = {isa = PBXFileReference; lastKnownFileType = sourcecode.swift; path = JTMaterialSpinner.swift; sourceTree = "<group>"; };
		493E445C276A3C6100F73735 /* LoadingView.swift */ = {isa = PBXFileReference; lastKnownFileType = sourcecode.swift; path = LoadingView.swift; sourceTree = "<group>"; };
		493E445E276A3C6C00F73735 /* LoadingView.xib */ = {isa = PBXFileReference; lastKnownFileType = file.xib; path = LoadingView.xib; sourceTree = "<group>"; };
		493E4460276A3CF000F73735 /* NIBCreatableView.swift */ = {isa = PBXFileReference; lastKnownFileType = sourcecode.swift; path = NIBCreatableView.swift; sourceTree = "<group>"; };
		493E4463276A3DF900F73735 /* EmptyOrErrorDataView.swift */ = {isa = PBXFileReference; lastKnownFileType = sourcecode.swift; path = EmptyOrErrorDataView.swift; sourceTree = "<group>"; };
		493E4465276A3E6C00F73735 /* Observables+Extensions.swift */ = {isa = PBXFileReference; lastKnownFileType = sourcecode.swift; path = "Observables+Extensions.swift"; sourceTree = "<group>"; };
		493E4467276A3F0400F73735 /* EmptyOrErrorDataView.xib */ = {isa = PBXFileReference; lastKnownFileType = file.xib; path = EmptyOrErrorDataView.xib; sourceTree = "<group>"; };
		4959D3CB275C899D00B4DDC4 /* guardian.app */ = {isa = PBXFileReference; explicitFileType = wrapper.application; includeInIndex = 0; path = guardian.app; sourceTree = BUILT_PRODUCTS_DIR; };
		4959D3CE275C899D00B4DDC4 /* AppDelegate.swift */ = {isa = PBXFileReference; lastKnownFileType = sourcecode.swift; path = AppDelegate.swift; sourceTree = "<group>"; };
		4959D3DA275C899E00B4DDC4 /* Assets.xcassets */ = {isa = PBXFileReference; lastKnownFileType = folder.assetcatalog; path = Assets.xcassets; sourceTree = "<group>"; };
		4959D3DD275C899E00B4DDC4 /* Base */ = {isa = PBXFileReference; lastKnownFileType = file.storyboard; name = Base; path = Base.lproj/LaunchScreen.storyboard; sourceTree = "<group>"; };
		4959D3DF275C899E00B4DDC4 /* Info.plist */ = {isa = PBXFileReference; lastKnownFileType = text.plist.xml; path = Info.plist; sourceTree = "<group>"; };
		495D0275276EF6EA009216E4 /* SplashViewInjectable.swift */ = {isa = PBXFileReference; lastKnownFileType = sourcecode.swift; path = SplashViewInjectable.swift; sourceTree = "<group>"; };
		496203BD275CDC8D004F26C5 /* AtomicObject.swift */ = {isa = PBXFileReference; lastKnownFileType = sourcecode.swift; path = AtomicObject.swift; sourceTree = "<group>"; };
		496203BF275CDCD8004F26C5 /* RateLimiter.swift */ = {isa = PBXFileReference; lastKnownFileType = sourcecode.swift; path = RateLimiter.swift; sourceTree = "<group>"; };
		496203C1275CDEBE004F26C5 /* NetworkRequestDecisionPolicy.swift */ = {isa = PBXFileReference; lastKnownFileType = sourcecode.swift; path = NetworkRequestDecisionPolicy.swift; sourceTree = "<group>"; };
		4973C08F275CF6FE0086F5C6 /* PaddingLabel.swift */ = {isa = PBXFileReference; lastKnownFileType = sourcecode.swift; path = PaddingLabel.swift; sourceTree = "<group>"; };
		4973C091275CF7250086F5C6 /* UIKit+Extension.swift */ = {isa = PBXFileReference; lastKnownFileType = sourcecode.swift; path = "UIKit+Extension.swift"; sourceTree = "<group>"; };
		4973C093275CF75E0086F5C6 /* Debouncer.swift */ = {isa = PBXFileReference; lastKnownFileType = sourcecode.swift; path = Debouncer.swift; sourceTree = "<group>"; };
		4973C096275D07940086F5C6 /* NewsItemTableViewCell.swift */ = {isa = PBXFileReference; lastKnownFileType = sourcecode.swift; path = NewsItemTableViewCell.swift; sourceTree = "<group>"; };
		4973C097275D07940086F5C6 /* NewsItemTableViewCell.xib */ = {isa = PBXFileReference; lastKnownFileType = file.xib; path = NewsItemTableViewCell.xib; sourceTree = "<group>"; };
		4973C09A275D0D740086F5C6 /* UITableView+Extension.swift */ = {isa = PBXFileReference; lastKnownFileType = sourcecode.swift; path = "UITableView+Extension.swift"; sourceTree = "<group>"; };
		4973C0A0275D55FD0086F5C6 /* NewsFields.swift */ = {isa = PBXFileReference; lastKnownFileType = sourcecode.swift; path = NewsFields.swift; sourceTree = "<group>"; };
		4973C0A2275DB0CE0086F5C6 /* NewsDetailsViewController.swift */ = {isa = PBXFileReference; lastKnownFileType = sourcecode.swift; path = NewsDetailsViewController.swift; sourceTree = "<group>"; };
		4973C0A3275DB0CE0086F5C6 /* NewsDetailsViewController.xib */ = {isa = PBXFileReference; lastKnownFileType = file.xib; path = NewsDetailsViewController.xib; sourceTree = "<group>"; };
		4973C0AC275DB3090086F5C6 /* BrowerViewControllerDisplayable.swift */ = {isa = PBXFileReference; lastKnownFileType = sourcecode.swift; path = BrowerViewControllerDisplayable.swift; sourceTree = "<group>"; };
		4973C0AE275DB4280086F5C6 /* NewsDetailsCoordinator.swift */ = {isa = PBXFileReference; lastKnownFileType = sourcecode.swift; path = NewsDetailsCoordinator.swift; sourceTree = "<group>"; };
		4973C0B0275DB4A50086F5C6 /* NewsDetailsViewModel.swift */ = {isa = PBXFileReference; lastKnownFileType = sourcecode.swift; path = NewsDetailsViewModel.swift; sourceTree = "<group>"; };
		497D14FE276DF97E00E12CB1 /* GoogleService-Info.plist */ = {isa = PBXFileReference; fileEncoding = 4; lastKnownFileType = text.plist.xml; path = "GoogleService-Info.plist"; sourceTree = "<group>"; };
		497D1502276DFDDA00E12CB1 /* NewsApiEndPointProvider.swift */ = {isa = PBXFileReference; lastKnownFileType = sourcecode.swift; path = NewsApiEndPointProvider.swift; sourceTree = "<group>"; };
		497D1504276DFE0D00E12CB1 /* ApiKeyProvider.swift */ = {isa = PBXFileReference; lastKnownFileType = sourcecode.swift; path = ApiKeyProvider.swift; sourceTree = "<group>"; };
		497D1507276E040500E12CB1 /* SplashViewController.swift */ = {isa = PBXFileReference; lastKnownFileType = sourcecode.swift; path = SplashViewController.swift; sourceTree = "<group>"; };
		497D1508276E040500E12CB1 /* SplashViewController.xib */ = {isa = PBXFileReference; lastKnownFileType = file.xib; path = SplashViewController.xib; sourceTree = "<group>"; };
		497D150C276E042000E12CB1 /* SplashViewModel.swift */ = {isa = PBXFileReference; lastKnownFileType = sourcecode.swift; path = SplashViewModel.swift; sourceTree = "<group>"; };
		497D150E276E042E00E12CB1 /* SplashCoordinator.swift */ = {isa = PBXFileReference; lastKnownFileType = sourcecode.swift; path = SplashCoordinator.swift; sourceTree = "<group>"; };
		497D1517276E1F5500E12CB1 /* SecuredDataStore.swift */ = {isa = PBXFileReference; lastKnownFileType = sourcecode.swift; path = SecuredDataStore.swift; sourceTree = "<group>"; };
		499877C6276C7469001C0C51 /* DateFormatters.swift */ = {isa = PBXFileReference; lastKnownFileType = sourcecode.swift; path = DateFormatters.swift; sourceTree = "<group>"; };
/* End PBXFileReference section */

/* Begin PBXFrameworksBuildPhase section */
		4959D3C8275C899D00B4DDC4 /* Frameworks */ = {
			isa = PBXFrameworksBuildPhase;
			buildActionMask = 2147483647;
			files = (
				494BBC77275E309D00010CF0 /* RxCocoa in Frameworks */,
				494BBC7F275E30E600010CF0 /* RxGRDB in Frameworks */,
				494BBC84275E310300010CF0 /* Differentiator in Frameworks */,
				494BBC75275E309D00010CF0 /* RxRelay in Frameworks */,
				494BBC8B275E314600010CF0 /* RxMoya in Frameworks */,
				497D1516276E1F2D00E12CB1 /* SwiftKeychainWrapper in Frameworks */,
				494BBC82275E310300010CF0 /* RxDataSources in Frameworks */,
				494BBC87275E314600010CF0 /* ReactiveMoya in Frameworks */,
				497D14FD276DF56A00E12CB1 /* FirebaseRemoteConfig in Frameworks */,
				496203A0275CDA34004F26C5 /* SnapKit in Frameworks */,
				494BBC8D275E314600010CF0 /* Moya in Frameworks */,
				494BBC7C275E30DA00010CF0 /* GRDB in Frameworks */,
				4962039D275CDA19004F26C5 /* Kingfisher in Frameworks */,
				494BBC73275E309D00010CF0 /* RxSwift in Frameworks */,
				494BBC89275E314600010CF0 /* CombineMoya in Frameworks */,
				4973C0AB275DB26F0086F5C6 /* ProgressWebViewController in Frameworks */,
				494BBC79275E309D00010CF0 /* RxBlocking in Frameworks */,
			);
			runOnlyForDeploymentPostprocessing = 0;
		};
/* End PBXFrameworksBuildPhase section */

/* Begin PBXGroup section */
		49215219275C8EC000922A1F /* Application */ = {
			isa = PBXGroup;
			children = (
				497D14FE276DF97E00E12CB1 /* GoogleService-Info.plist */,
				4959D3CE275C899D00B4DDC4 /* AppDelegate.swift */,
				49215248275CA3FC00922A1F /* AppCoordinator.swift */,
				49215223275C989B00922A1F /* Factories */,
				4921521A275C930300922A1F /* ApplicationController.swift */,
				49215231275C9B9500922A1F /* ApiError.swift */,
				496203BF275CDCD8004F26C5 /* RateLimiter.swift */,
			);
			path = Application;
			sourceTree = "<group>";
		};
		4921521E275C93D700922A1F /* Injection */ = {
			isa = PBXGroup;
			children = (
				4921521C275C932E00922A1F /* AppDependency.swift */,
				4921521F275C940B00922A1F /* AllInjectables.swift */,
				49215221275C946200922A1F /* AppLevelInjectables.swift */,
				49215280275CC70A00922A1F /* HomeViewInjectables.swift */,
				495D0275276EF6EA009216E4 /* SplashViewInjectable.swift */,
			);
			path = Injection;
			sourceTree = "<group>";
		};
		49215223275C989B00922A1F /* Factories */ = {
			isa = PBXGroup;
			children = (
				49215224275C98B300922A1F /* ViewControllerFactory.swift */,
			);
			path = Factories;
			sourceTree = "<group>";
		};
		49215226275C997200922A1F /* Data */ = {
			isa = PBXGroup;
			children = (
				49215284275CC87E00922A1F /* Models */,
				49215228275C997F00922A1F /* Local */,
				49215227275C997A00922A1F /* Remote */,
			);
			path = Data;
			sourceTree = "<group>";
		};
		49215227275C997A00922A1F /* Remote */ = {
			isa = PBXGroup;
			children = (
				4921523E275CA07F00922A1F /* Network */,
				49215237275C9D9000922A1F /* Extensions */,
				4921522D275C99D900922A1F /* Api */,
				49215229275C999800922A1F /* NetworkCancellable.swift */,
				4921522B275C99B200922A1F /* NetworkType.swift */,
				496203C1275CDEBE004F26C5 /* NetworkRequestDecisionPolicy.swift */,
			);
			path = Remote;
			sourceTree = "<group>";
		};
		49215228275C997F00922A1F /* Local */ = {
			isa = PBXGroup;
			children = (
				497D1513276E1E8D00E12CB1 /* Keychain */,
				4921526C275CADB500922A1F /* Dao */,
				49215243275CA1DF00922A1F /* PersistenceStore.swift */,
				49215245275CA20500922A1F /* GRDB.swift */,
			);
			path = Local;
			sourceTree = "<group>";
		};
		4921522D275C99D900922A1F /* Api */ = {
			isa = PBXGroup;
			children = (
				4921522E275C99E500922A1F /* NewsApi.swift */,
			);
			path = Api;
			sourceTree = "<group>";
		};
		49215233275C9C4900922A1F /* Utilities */ = {
			isa = PBXGroup;
			children = (
				49215241275CA0CD00922A1F /* NetworkConnectivity.swift */,
				496203BD275CDC8D004F26C5 /* AtomicObject.swift */,
				4973C093275CF75E0086F5C6 /* Debouncer.swift */,
			);
			path = Utilities;
			sourceTree = "<group>";
		};
		49215237275C9D9000922A1F /* Extensions */ = {
			isa = PBXGroup;
			children = (
				4921523A275C9DFE00922A1F /* MoyaError+Extension.swift */,
				49215239275C9DFE00922A1F /* MoyaResponse+Extension.swift */,
				49215238275C9DFE00922A1F /* URLRequrest+Extension.swift */,
			);
			path = Extensions;
			sourceTree = "<group>";
		};
		4921523E275CA07F00922A1F /* Network */ = {
			isa = PBXGroup;
			children = (
				497D1501276DFDC200E12CB1 /* NewsApiEndPointProvider */,
				4921523F275CA08D00922A1F /* Network.swift */,
			);
			path = Network;
			sourceTree = "<group>";
		};
		49215247275CA3D000922A1F /* Coordinators */ = {
			isa = PBXGroup;
			children = (
				4921525D275CA70900922A1F /* Transitions */,
				49215254275CA65100922A1F /* NavigationController */,
				49215251275CA62300922A1F /* Base */,
				4921524A275CA5D300922A1F /* Container.swift */,
				4921524D275CA5EF00922A1F /* Presentable.swift */,
				4921524F275CA60F00922A1F /* RouterType.swift */,
			);
			path = Coordinators;
			sourceTree = "<group>";
		};
		49215251275CA62300922A1F /* Base */ = {
			isa = PBXGroup;
			children = (
				49215252275CA63400922A1F /* BaseCoordinator.swift */,
			);
			path = Base;
			sourceTree = "<group>";
		};
		49215254275CA65100922A1F /* NavigationController */ = {
			isa = PBXGroup;
			children = (
				49215255275CA66B00922A1F /* NavigationControllerCoordinator.swift */,
				49215257275CA68200922A1F /* NavigationDelegate.swift */,
				49215259275CA6CD00922A1F /* NavigationRouter.swift */,
				4921525B275CA6EF00922A1F /* UINavigationController+Extensions.swift */,
			);
			path = NavigationController;
			sourceTree = "<group>";
		};
		4921525D275CA70900922A1F /* Transitions */ = {
			isa = PBXGroup;
			children = (
				4921525E275CA71E00922A1F /* Animation.swift */,
				49215260275CA73200922A1F /* Animation+Fade.swift */,
				49215262275CA75300922A1F /* Animation+SideBySide.swift */,
				49215264275CA76F00922A1F /* InteractiveTransitionAnimation.swift */,
				49215266275CA7A900922A1F /* StaticTransitionAnimation.swift */,
				49215268275CA7C800922A1F /* TransitionAnimation.swift */,
			);
			path = Transitions;
			sourceTree = "<group>";
		};
		4921526A275CADA400922A1F /* Features */ = {
			isa = PBXGroup;
			children = (
				497D1506276E03EF00E12CB1 /* Splash */,
				4973C0A6275DB1450086F5C6 /* BrowserViewControllerDisplayable */,
				4921526B275CADAD00922A1F /* Home */,
			);
			path = Features;
			sourceTree = "<group>";
		};
		4921526B275CADAD00922A1F /* Home */ = {
			isa = PBXGroup;
			children = (
				4973C09E275D3A180086F5C6 /* Details */,
				4973C095275D07620086F5C6 /* Views */,
				4921526F275CAE3C00922A1F /* HomeViewController.swift */,
				49215270275CAE3C00922A1F /* HomeViewController.xib */,
				49215278275CBBAD00922A1F /* HomeViewModel.swift */,
				4921527A275CC1FD00922A1F /* HomeCoordinator.swift */,
				4921527C275CC4A900922A1F /* HomeRepository.swift */,
				4921527E275CC5F700922A1F /* HomePersistanceService.swift */,
			);
			path = Home;
			sourceTree = "<group>";
		};
		4921526C275CADB500922A1F /* Dao */ = {
			isa = PBXGroup;
			children = (
				49215282275CC75500922A1F /* NewsDao.swift */,
			);
			path = Dao;
			sourceTree = "<group>";
		};
		49215284275CC87E00922A1F /* Models */ = {
			isa = PBXGroup;
			children = (
				49215285275CC88600922A1F /* News */,
			);
			path = Models;
			sourceTree = "<group>";
		};
		49215285275CC88600922A1F /* News */ = {
			isa = PBXGroup;
			children = (
				49215286275CC89100922A1F /* NewsResponse.swift */,
				49215287275CC89100922A1F /* News.swift */,
				4973C0A0275D55FD0086F5C6 /* NewsFields.swift */,
			);
			path = News;
			sourceTree = "<group>";
		};
		493E444E276A394F00F73735 /* States */ = {
			isa = PBXGroup;
			children = (
				493E4462276A3DD000F73735 /* EmptyOrErrorView */,
				493E4451276A39B700F73735 /* UIViewControllerStatePresentable.swift */,
				493E4453276A39D200F73735 /* LoadingStateViewController.swift */,
				493E4455276A39EA00F73735 /* ErrorStateViewController.swift */,
				493E4457276A39FF00F73735 /* EmptyStateViewController.swift */,
			);
			path = States;
			sourceTree = "<group>";
		};
		493E445B276A3BD300F73735 /* LoadingView */ = {
			isa = PBXGroup;
			children = (
				493E445C276A3C6100F73735 /* LoadingView.swift */,
				493E445E276A3C6C00F73735 /* LoadingView.xib */,
			);
			path = LoadingView;
			sourceTree = "<group>";
		};
		493E4462276A3DD000F73735 /* EmptyOrErrorView */ = {
			isa = PBXGroup;
			children = (
				493E4463276A3DF900F73735 /* EmptyOrErrorDataView.swift */,
				493E4467276A3F0400F73735 /* EmptyOrErrorDataView.xib */,
			);
			path = EmptyOrErrorView;
			sourceTree = "<group>";
		};
		4959D3C2275C899D00B4DDC4 = {
			isa = PBXGroup;
			children = (
				4959D3CD275C899D00B4DDC4 /* guardian */,
				4959D3CC275C899D00B4DDC4 /* Products */,
			);
			sourceTree = "<group>";
		};
		4959D3CC275C899D00B4DDC4 /* Products */ = {
			isa = PBXGroup;
			children = (
				4959D3CB275C899D00B4DDC4 /* guardian.app */,
			);
			name = Products;
			sourceTree = "<group>";
		};
		4959D3CD275C899D00B4DDC4 /* guardian */ = {
			isa = PBXGroup;
			children = (
				49215247275CA3D000922A1F /* Coordinators */,
				49215219275C8EC000922A1F /* Application */,
				499877CF276C7A46001C0C51 /* Commons */,
				4921526A275CADA400922A1F /* Features */,
				49215226275C997200922A1F /* Data */,
				4921521E275C93D700922A1F /* Injection */,
				4959D3DA275C899E00B4DDC4 /* Assets.xcassets */,
				4959D3DC275C899E00B4DDC4 /* LaunchScreen.storyboard */,
				4959D3DF275C899E00B4DDC4 /* Info.plist */,
			);
			path = guardian;
			sourceTree = "<group>";
		};
		4973C08E275CF6EE0086F5C6 /* Views */ = {
			isa = PBXGroup;
			children = (
				493E445B276A3BD300F73735 /* LoadingView */,
				493E444E276A394F00F73735 /* States */,
				4973C08F275CF6FE0086F5C6 /* PaddingLabel.swift */,
				493E4459276A3BC600F73735 /* JTMaterialSpinner.swift */,
				493E4460276A3CF000F73735 /* NIBCreatableView.swift */,
			);
			path = Views;
			sourceTree = "<group>";
		};
		4973C095275D07620086F5C6 /* Views */ = {
			isa = PBXGroup;
			children = (
				4973C096275D07940086F5C6 /* NewsItemTableViewCell.swift */,
				4973C097275D07940086F5C6 /* NewsItemTableViewCell.xib */,
			);
			path = Views;
			sourceTree = "<group>";
		};
		4973C09E275D3A180086F5C6 /* Details */ = {
			isa = PBXGroup;
			children = (
				4973C0A2275DB0CE0086F5C6 /* NewsDetailsViewController.swift */,
				4973C0A3275DB0CE0086F5C6 /* NewsDetailsViewController.xib */,
				4973C0AE275DB4280086F5C6 /* NewsDetailsCoordinator.swift */,
				4973C0B0275DB4A50086F5C6 /* NewsDetailsViewModel.swift */,
			);
			path = Details;
			sourceTree = "<group>";
		};
		4973C0A6275DB1450086F5C6 /* BrowserViewControllerDisplayable */ = {
			isa = PBXGroup;
			children = (
				4973C0AC275DB3090086F5C6 /* BrowerViewControllerDisplayable.swift */,
			);
			path = BrowserViewControllerDisplayable;
			sourceTree = "<group>";
		};
		497D1501276DFDC200E12CB1 /* NewsApiEndPointProvider */ = {
			isa = PBXGroup;
			children = (
				497D1502276DFDDA00E12CB1 /* NewsApiEndPointProvider.swift */,
				497D1504276DFE0D00E12CB1 /* ApiKeyProvider.swift */,
			);
			path = NewsApiEndPointProvider;
			sourceTree = "<group>";
		};
		497D1506276E03EF00E12CB1 /* Splash */ = {
			isa = PBXGroup;
			children = (
				497D1507276E040500E12CB1 /* SplashViewController.swift */,
				497D1508276E040500E12CB1 /* SplashViewController.xib */,
				497D150C276E042000E12CB1 /* SplashViewModel.swift */,
				497D150E276E042E00E12CB1 /* SplashCoordinator.swift */,
			);
			path = Splash;
			sourceTree = "<group>";
		};
		497D1513276E1E8D00E12CB1 /* Keychain */ = {
			isa = PBXGroup;
			children = (
				497D1517276E1F5500E12CB1 /* SecuredDataStore.swift */,
			);
			path = Keychain;
			sourceTree = "<group>";
		};
		499877CF276C7A46001C0C51 /* Commons */ = {
			isa = PBXGroup;
			children = (
				499877D0276C7ADA001C0C51 /* Extensions */,
				49215233275C9C4900922A1F /* Utilities */,
				4973C08E275CF6EE0086F5C6 /* Views */,
			);
			path = Commons;
			sourceTree = "<group>";
		};
		499877D0276C7ADA001C0C51 /* Extensions */ = {
			isa = PBXGroup;
			children = (
				49215234275C9C5F00922A1F /* Extensions.swift */,
				4973C091275CF7250086F5C6 /* UIKit+Extension.swift */,
				4973C09A275D0D740086F5C6 /* UITableView+Extension.swift */,
				493E4465276A3E6C00F73735 /* Observables+Extensions.swift */,
				499877C6276C7469001C0C51 /* DateFormatters.swift */,
			);
			path = Extensions;
			sourceTree = "<group>";
		};
/* End PBXGroup section */

/* Begin PBXNativeTarget section */
		4959D3CA275C899D00B4DDC4 /* guardian */ = {
			isa = PBXNativeTarget;
			buildConfigurationList = 4959D3E2275C899E00B4DDC4 /* Build configuration list for PBXNativeTarget "guardian" */;
			buildPhases = (
				4959D3C7275C899D00B4DDC4 /* Sources */,
				4959D3C8275C899D00B4DDC4 /* Frameworks */,
				4959D3C9275C899D00B4DDC4 /* Resources */,
			);
			buildRules = (
			);
			dependencies = (
			);
			name = guardian;
			packageProductDependencies = (
				4962039C275CDA19004F26C5 /* Kingfisher */,
				4962039F275CDA34004F26C5 /* SnapKit */,
				4973C0AA275DB26F0086F5C6 /* ProgressWebViewController */,
				494BBC72275E309D00010CF0 /* RxSwift */,
				494BBC74275E309D00010CF0 /* RxRelay */,
				494BBC76275E309D00010CF0 /* RxCocoa */,
				494BBC78275E309D00010CF0 /* RxBlocking */,
				494BBC7B275E30DA00010CF0 /* GRDB */,
				494BBC7E275E30E600010CF0 /* RxGRDB */,
				494BBC81275E310300010CF0 /* RxDataSources */,
				494BBC83275E310300010CF0 /* Differentiator */,
				494BBC86275E314600010CF0 /* ReactiveMoya */,
				494BBC88275E314600010CF0 /* CombineMoya */,
				494BBC8A275E314600010CF0 /* RxMoya */,
				494BBC8C275E314600010CF0 /* Moya */,
				497D14FC276DF56A00E12CB1 /* FirebaseRemoteConfig */,
				497D1515276E1F2D00E12CB1 /* SwiftKeychainWrapper */,
			);
			productName = guardian;
			productReference = 4959D3CB275C899D00B4DDC4 /* guardian.app */;
			productType = "com.apple.product-type.application";
		};
/* End PBXNativeTarget section */

/* Begin PBXProject section */
		4959D3C3275C899D00B4DDC4 /* Project object */ = {
			isa = PBXProject;
			attributes = {
				LastSwiftUpdateCheck = 1250;
				LastUpgradeCheck = 1250;
				TargetAttributes = {
					4959D3CA275C899D00B4DDC4 = {
						CreatedOnToolsVersion = 12.5;
					};
				};
			};
			buildConfigurationList = 4959D3C6275C899D00B4DDC4 /* Build configuration list for PBXProject "guardian" */;
			compatibilityVersion = "Xcode 9.3";
			developmentRegion = en;
			hasScannedForEncodings = 0;
			knownRegions = (
				en,
				Base,
			);
			mainGroup = 4959D3C2275C899D00B4DDC4;
			packageReferences = (
				4962039B275CDA19004F26C5 /* XCRemoteSwiftPackageReference "Kingfisher" */,
				4962039E275CDA34004F26C5 /* XCRemoteSwiftPackageReference "SnapKit" */,
				4973C0A9275DB26F0086F5C6 /* XCRemoteSwiftPackageReference "ProgressWebViewController" */,
				494BBC71275E309D00010CF0 /* XCRemoteSwiftPackageReference "RxSwift" */,
				494BBC7A275E30D900010CF0 /* XCRemoteSwiftPackageReference "GRDB" */,
				494BBC7D275E30E600010CF0 /* XCRemoteSwiftPackageReference "RxGRDB" */,
				494BBC80275E310300010CF0 /* XCRemoteSwiftPackageReference "RxDataSources" */,
				494BBC85275E314600010CF0 /* XCRemoteSwiftPackageReference "Moya" */,
				497D14FB276DF56A00E12CB1 /* XCRemoteSwiftPackageReference "firebase-ios-sdk" */,
				497D1514276E1F2D00E12CB1 /* XCRemoteSwiftPackageReference "SwiftKeychainWrapper" */,
			);
			productRefGroup = 4959D3CC275C899D00B4DDC4 /* Products */;
			projectDirPath = "";
			projectRoot = "";
			targets = (
				4959D3CA275C899D00B4DDC4 /* guardian */,
			);
		};
/* End PBXProject section */

/* Begin PBXResourcesBuildPhase section */
		4959D3C9275C899D00B4DDC4 /* Resources */ = {
			isa = PBXResourcesBuildPhase;
			buildActionMask = 2147483647;
			files = (
				4959D3DE275C899E00B4DDC4 /* LaunchScreen.storyboard in Resources */,
				497D150A276E040500E12CB1 /* SplashViewController.xib in Resources */,
				497D14FF276DF97E00E12CB1 /* GoogleService-Info.plist in Resources */,
				4973C099275D07940086F5C6 /* NewsItemTableViewCell.xib in Resources */,
				4959D3DB275C899E00B4DDC4 /* Assets.xcassets in Resources */,
				493E4468276A3F0500F73735 /* EmptyOrErrorDataView.xib in Resources */,
				493E445F276A3C6C00F73735 /* LoadingView.xib in Resources */,
				4973C0A5275DB0CF0086F5C6 /* NewsDetailsViewController.xib in Resources */,
				49215272275CAE3C00922A1F /* HomeViewController.xib in Resources */,
			);
			runOnlyForDeploymentPostprocessing = 0;
		};
/* End PBXResourcesBuildPhase section */

/* Begin PBXSourcesBuildPhase section */
		4959D3C7275C899D00B4DDC4 /* Sources */ = {
			isa = PBXSourcesBuildPhase;
			buildActionMask = 2147483647;
			files = (
				49215256275CA66B00922A1F /* NavigationControllerCoordinator.swift in Sources */,
				49215288275CCD6F00922A1F /* News.swift in Sources */,
				4921527D275CC4A900922A1F /* HomeRepository.swift in Sources */,
				497D1509276E040500E12CB1 /* SplashViewController.swift in Sources */,
				495D0276276EF6EA009216E4 /* SplashViewInjectable.swift in Sources */,
				49215246275CA20500922A1F /* GRDB.swift in Sources */,
				497D1518276E1F5500E12CB1 /* SecuredDataStore.swift in Sources */,
				4921523D275C9DFE00922A1F /* MoyaError+Extension.swift in Sources */,
				49215271275CAE3C00922A1F /* HomeViewController.swift in Sources */,
				49215250275CA60F00922A1F /* RouterType.swift in Sources */,
				4921522C275C99B200922A1F /* NetworkType.swift in Sources */,
				49215244275CA1DF00922A1F /* PersistenceStore.swift in Sources */,
				49215222275C946200922A1F /* AppLevelInjectables.swift in Sources */,
				493E4466276A3E6C00F73735 /* Observables+Extensions.swift in Sources */,
				49215283275CC75500922A1F /* NewsDao.swift in Sources */,
				49215220275C940B00922A1F /* AllInjectables.swift in Sources */,
				49215232275C9B9500922A1F /* ApiError.swift in Sources */,
				49215279275CBBAD00922A1F /* HomeViewModel.swift in Sources */,
				49215240275CA08D00922A1F /* Network.swift in Sources */,
				499877C7276C7469001C0C51 /* DateFormatters.swift in Sources */,
				496203C2275CDEBE004F26C5 /* NetworkRequestDecisionPolicy.swift in Sources */,
				4973C090275CF6FE0086F5C6 /* PaddingLabel.swift in Sources */,
				4973C09B275D0D740086F5C6 /* UITableView+Extension.swift in Sources */,
				497D150D276E042000E12CB1 /* SplashViewModel.swift in Sources */,
				4973C0A1275D55FD0086F5C6 /* NewsFields.swift in Sources */,
				4973C094275CF75E0086F5C6 /* Debouncer.swift in Sources */,
				493E4452276A39B700F73735 /* UIViewControllerStatePresentable.swift in Sources */,
				4973C0A4275DB0CE0086F5C6 /* NewsDetailsViewController.swift in Sources */,
				4921525A275CA6CD00922A1F /* NavigationRouter.swift in Sources */,
				493E4456276A39EA00F73735 /* ErrorStateViewController.swift in Sources */,
				4973C0AD275DB3090086F5C6 /* BrowerViewControllerDisplayable.swift in Sources */,
				4921523B275C9DFE00922A1F /* URLRequrest+Extension.swift in Sources */,
				4973C0AF275DB4280086F5C6 /* NewsDetailsCoordinator.swift in Sources */,
				49215258275CA68200922A1F /* NavigationDelegate.swift in Sources */,
				496203C0275CDCD8004F26C5 /* RateLimiter.swift in Sources */,
				49215267275CA7A900922A1F /* StaticTransitionAnimation.swift in Sources */,
				4921521D275C932E00922A1F /* AppDependency.swift in Sources */,
				4921522A275C999800922A1F /* NetworkCancellable.swift in Sources */,
				49215225275C98B300922A1F /* ViewControllerFactory.swift in Sources */,
				4921521B275C930300922A1F /* ApplicationController.swift in Sources */,
				49215281275CC70A00922A1F /* HomeViewInjectables.swift in Sources */,
				497D150F276E042E00E12CB1 /* SplashCoordinator.swift in Sources */,
				4921523C275C9DFE00922A1F /* MoyaResponse+Extension.swift in Sources */,
				49215265275CA76F00922A1F /* InteractiveTransitionAnimation.swift in Sources */,
				49215269275CA7C800922A1F /* TransitionAnimation.swift in Sources */,
				4921522F275C99E500922A1F /* NewsApi.swift in Sources */,
				4973C098275D07940086F5C6 /* NewsItemTableViewCell.swift in Sources */,
				49215253275CA63400922A1F /* BaseCoordinator.swift in Sources */,
				4973C0B1275DB4A50086F5C6 /* NewsDetailsViewModel.swift in Sources */,
				49215249275CA3FC00922A1F /* AppCoordinator.swift in Sources */,
				49215242275CA0CD00922A1F /* NetworkConnectivity.swift in Sources */,
				4921524B275CA5D300922A1F /* Container.swift in Sources */,
				49215263275CA75300922A1F /* Animation+SideBySide.swift in Sources */,
				493E445A276A3BC600F73735 /* JTMaterialSpinner.swift in Sources */,
				49215235275C9C5F00922A1F /* Extensions.swift in Sources */,
				4959D3CF275C899D00B4DDC4 /* AppDelegate.swift in Sources */,
				49215289275CCD7200922A1F /* NewsResponse.swift in Sources */,
				4921527F275CC5F700922A1F /* HomePersistanceService.swift in Sources */,
				4973C092275CF7250086F5C6 /* UIKit+Extension.swift in Sources */,
				493E4464276A3DF900F73735 /* EmptyOrErrorDataView.swift in Sources */,
				493E4454276A39D200F73735 /* LoadingStateViewController.swift in Sources */,
				49215261275CA73200922A1F /* Animation+Fade.swift in Sources */,
				497D1503276DFDDA00E12CB1 /* NewsApiEndPointProvider.swift in Sources */,
				493E445D276A3C6100F73735 /* LoadingView.swift in Sources */,
				4921525C275CA6EF00922A1F /* UINavigationController+Extensions.swift in Sources */,
				4921525F275CA71E00922A1F /* Animation.swift in Sources */,
				493E4458276A39FF00F73735 /* EmptyStateViewController.swift in Sources */,
				493E4461276A3CF000F73735 /* NIBCreatableView.swift in Sources */,
				4921524E275CA5EF00922A1F /* Presentable.swift in Sources */,
				497D1505276DFE0D00E12CB1 /* ApiKeyProvider.swift in Sources */,
				4921527B275CC1FD00922A1F /* HomeCoordinator.swift in Sources */,
				496203BE275CDC8D004F26C5 /* AtomicObject.swift in Sources */,
			);
			runOnlyForDeploymentPostprocessing = 0;
		};
/* End PBXSourcesBuildPhase section */

/* Begin PBXVariantGroup section */
		4959D3DC275C899E00B4DDC4 /* LaunchScreen.storyboard */ = {
			isa = PBXVariantGroup;
			children = (
				4959D3DD275C899E00B4DDC4 /* Base */,
			);
			name = LaunchScreen.storyboard;
			sourceTree = "<group>";
		};
/* End PBXVariantGroup section */

/* Begin XCBuildConfiguration section */
		4959D3E0275C899E00B4DDC4 /* Debug */ = {
			isa = XCBuildConfiguration;
			buildSettings = {
				ALWAYS_SEARCH_USER_PATHS = NO;
				CLANG_ANALYZER_NONNULL = YES;
				CLANG_ANALYZER_NUMBER_OBJECT_CONVERSION = YES_AGGRESSIVE;
				CLANG_CXX_LANGUAGE_STANDARD = "gnu++14";
				CLANG_CXX_LIBRARY = "libc++";
				CLANG_ENABLE_MODULES = YES;
				CLANG_ENABLE_OBJC_ARC = YES;
				CLANG_ENABLE_OBJC_WEAK = YES;
				CLANG_WARN_BLOCK_CAPTURE_AUTORELEASING = YES;
				CLANG_WARN_BOOL_CONVERSION = YES;
				CLANG_WARN_COMMA = YES;
				CLANG_WARN_CONSTANT_CONVERSION = YES;
				CLANG_WARN_DEPRECATED_OBJC_IMPLEMENTATIONS = YES;
				CLANG_WARN_DIRECT_OBJC_ISA_USAGE = YES_ERROR;
				CLANG_WARN_DOCUMENTATION_COMMENTS = YES;
				CLANG_WARN_EMPTY_BODY = YES;
				CLANG_WARN_ENUM_CONVERSION = YES;
				CLANG_WARN_INFINITE_RECURSION = YES;
				CLANG_WARN_INT_CONVERSION = YES;
				CLANG_WARN_NON_LITERAL_NULL_CONVERSION = YES;
				CLANG_WARN_OBJC_IMPLICIT_RETAIN_SELF = YES;
				CLANG_WARN_OBJC_LITERAL_CONVERSION = YES;
				CLANG_WARN_OBJC_ROOT_CLASS = YES_ERROR;
				CLANG_WARN_QUOTED_INCLUDE_IN_FRAMEWORK_HEADER = YES;
				CLANG_WARN_RANGE_LOOP_ANALYSIS = YES;
				CLANG_WARN_STRICT_PROTOTYPES = YES;
				CLANG_WARN_SUSPICIOUS_MOVE = YES;
				CLANG_WARN_UNGUARDED_AVAILABILITY = YES_AGGRESSIVE;
				CLANG_WARN_UNREACHABLE_CODE = YES;
				CLANG_WARN__DUPLICATE_METHOD_MATCH = YES;
				COPY_PHASE_STRIP = NO;
				DEBUG_INFORMATION_FORMAT = dwarf;
				ENABLE_STRICT_OBJC_MSGSEND = YES;
				ENABLE_TESTABILITY = YES;
				GCC_C_LANGUAGE_STANDARD = gnu11;
				GCC_DYNAMIC_NO_PIC = NO;
				GCC_NO_COMMON_BLOCKS = YES;
				GCC_OPTIMIZATION_LEVEL = 0;
				GCC_PREPROCESSOR_DEFINITIONS = (
					"DEBUG=1",
					"$(inherited)",
				);
				GCC_WARN_64_TO_32_BIT_CONVERSION = YES;
				GCC_WARN_ABOUT_RETURN_TYPE = YES_ERROR;
				GCC_WARN_UNDECLARED_SELECTOR = YES;
				GCC_WARN_UNINITIALIZED_AUTOS = YES_AGGRESSIVE;
				GCC_WARN_UNUSED_FUNCTION = YES;
				GCC_WARN_UNUSED_VARIABLE = YES;
				IPHONEOS_DEPLOYMENT_TARGET = 13.0;
				MTL_ENABLE_DEBUG_INFO = INCLUDE_SOURCE;
				MTL_FAST_MATH = YES;
				ONLY_ACTIVE_ARCH = YES;
				SDKROOT = iphoneos;
				SWIFT_ACTIVE_COMPILATION_CONDITIONS = DEBUG;
				SWIFT_OPTIMIZATION_LEVEL = "-Onone";
			};
			name = Debug;
		};
		4959D3E1275C899E00B4DDC4 /* Release */ = {
			isa = XCBuildConfiguration;
			buildSettings = {
				ALWAYS_SEARCH_USER_PATHS = NO;
				CLANG_ANALYZER_NONNULL = YES;
				CLANG_ANALYZER_NUMBER_OBJECT_CONVERSION = YES_AGGRESSIVE;
				CLANG_CXX_LANGUAGE_STANDARD = "gnu++14";
				CLANG_CXX_LIBRARY = "libc++";
				CLANG_ENABLE_MODULES = YES;
				CLANG_ENABLE_OBJC_ARC = YES;
				CLANG_ENABLE_OBJC_WEAK = YES;
				CLANG_WARN_BLOCK_CAPTURE_AUTORELEASING = YES;
				CLANG_WARN_BOOL_CONVERSION = YES;
				CLANG_WARN_COMMA = YES;
				CLANG_WARN_CONSTANT_CONVERSION = YES;
				CLANG_WARN_DEPRECATED_OBJC_IMPLEMENTATIONS = YES;
				CLANG_WARN_DIRECT_OBJC_ISA_USAGE = YES_ERROR;
				CLANG_WARN_DOCUMENTATION_COMMENTS = YES;
				CLANG_WARN_EMPTY_BODY = YES;
				CLANG_WARN_ENUM_CONVERSION = YES;
				CLANG_WARN_INFINITE_RECURSION = YES;
				CLANG_WARN_INT_CONVERSION = YES;
				CLANG_WARN_NON_LITERAL_NULL_CONVERSION = YES;
				CLANG_WARN_OBJC_IMPLICIT_RETAIN_SELF = YES;
				CLANG_WARN_OBJC_LITERAL_CONVERSION = YES;
				CLANG_WARN_OBJC_ROOT_CLASS = YES_ERROR;
				CLANG_WARN_QUOTED_INCLUDE_IN_FRAMEWORK_HEADER = YES;
				CLANG_WARN_RANGE_LOOP_ANALYSIS = YES;
				CLANG_WARN_STRICT_PROTOTYPES = YES;
				CLANG_WARN_SUSPICIOUS_MOVE = YES;
				CLANG_WARN_UNGUARDED_AVAILABILITY = YES_AGGRESSIVE;
				CLANG_WARN_UNREACHABLE_CODE = YES;
				CLANG_WARN__DUPLICATE_METHOD_MATCH = YES;
				COPY_PHASE_STRIP = NO;
				DEBUG_INFORMATION_FORMAT = "dwarf-with-dsym";
				ENABLE_NS_ASSERTIONS = NO;
				ENABLE_STRICT_OBJC_MSGSEND = YES;
				GCC_C_LANGUAGE_STANDARD = gnu11;
				GCC_NO_COMMON_BLOCKS = YES;
				GCC_WARN_64_TO_32_BIT_CONVERSION = YES;
				GCC_WARN_ABOUT_RETURN_TYPE = YES_ERROR;
				GCC_WARN_UNDECLARED_SELECTOR = YES;
				GCC_WARN_UNINITIALIZED_AUTOS = YES_AGGRESSIVE;
				GCC_WARN_UNUSED_FUNCTION = YES;
				GCC_WARN_UNUSED_VARIABLE = YES;
				IPHONEOS_DEPLOYMENT_TARGET = 13.0;
				MTL_ENABLE_DEBUG_INFO = NO;
				MTL_FAST_MATH = YES;
				SDKROOT = iphoneos;
				SWIFT_COMPILATION_MODE = wholemodule;
				SWIFT_OPTIMIZATION_LEVEL = "-O";
				VALIDATE_PRODUCT = YES;
			};
			name = Release;
		};
		4959D3E3275C899E00B4DDC4 /* Debug */ = {
			isa = XCBuildConfiguration;
			buildSettings = {
				ASSETCATALOG_COMPILER_APPICON_NAME = AppIcon;
				ASSETCATALOG_COMPILER_GLOBAL_ACCENT_COLOR_NAME = AccentColor;
				CODE_SIGN_IDENTITY = "Apple Development";
				CODE_SIGN_STYLE = Automatic;
				DEVELOPMENT_TEAM = UW6N56THP5;
				INFOPLIST_FILE = guardian/Info.plist;
				IPHONEOS_DEPLOYMENT_TARGET = 13.0;
				LD_RUNPATH_SEARCH_PATHS = (
					"$(inherited)",
					"@executable_path/Frameworks",
				);
				PRODUCT_BUNDLE_IDENTIFIER = com.example.guardian;
				PRODUCT_NAME = "$(TARGET_NAME)";
				PROVISIONING_PROFILE_SPECIFIER = "";
				SWIFT_OPTIMIZATION_LEVEL = "-Onone";
				SWIFT_VERSION = 5.0;
				TARGETED_DEVICE_FAMILY = 1;
			};
			name = Debug;
		};
		4959D3E4275C899E00B4DDC4 /* Release */ = {
			isa = XCBuildConfiguration;
			buildSettings = {
				ASSETCATALOG_COMPILER_APPICON_NAME = AppIcon;
				ASSETCATALOG_COMPILER_GLOBAL_ACCENT_COLOR_NAME = AccentColor;
				CODE_SIGN_IDENTITY = "Apple Development";
				CODE_SIGN_STYLE = Automatic;
				DEVELOPMENT_TEAM = UW6N56THP5;
				INFOPLIST_FILE = guardian/Info.plist;
				IPHONEOS_DEPLOYMENT_TARGET = 13.0;
				LD_RUNPATH_SEARCH_PATHS = (
					"$(inherited)",
					"@executable_path/Frameworks",
				);
				PRODUCT_BUNDLE_IDENTIFIER = com.example.guardian;
				PRODUCT_NAME = "$(TARGET_NAME)";
				PROVISIONING_PROFILE_SPECIFIER = "";
				SWIFT_OPTIMIZATION_LEVEL = "-Osize";
				SWIFT_VERSION = 5.0;
				TARGETED_DEVICE_FAMILY = 1;
			};
			name = Release;
		};
/* End XCBuildConfiguration section */

/* Begin XCConfigurationList section */
		4959D3C6275C899D00B4DDC4 /* Build configuration list for PBXProject "guardian" */ = {
			isa = XCConfigurationList;
			buildConfigurations = (
				4959D3E0275C899E00B4DDC4 /* Debug */,
				4959D3E1275C899E00B4DDC4 /* Release */,
			);
			defaultConfigurationIsVisible = 0;
			defaultConfigurationName = Debug;
		};
		4959D3E2275C899E00B4DDC4 /* Build configuration list for PBXNativeTarget "guardian" */ = {
			isa = XCConfigurationList;
			buildConfigurations = (
				4959D3E3275C899E00B4DDC4 /* Debug */,
				4959D3E4275C899E00B4DDC4 /* Release */,
			);
			defaultConfigurationIsVisible = 0;
			defaultConfigurationName = Debug;
		};
/* End XCConfigurationList section */

/* Begin XCRemoteSwiftPackageReference section */
		494BBC71275E309D00010CF0 /* XCRemoteSwiftPackageReference "RxSwift" */ = {
			isa = XCRemoteSwiftPackageReference;
			repositoryURL = "https://github.com/ReactiveX/RxSwift";
			requirement = {
				kind = upToNextMajorVersion;
				minimumVersion = 6.2.0;
			};
		};
		494BBC7A275E30D900010CF0 /* XCRemoteSwiftPackageReference "GRDB" */ = {
			isa = XCRemoteSwiftPackageReference;
			repositoryURL = "https://github.com/groue/GRDB.swift";
			requirement = {
				kind = upToNextMajorVersion;
				minimumVersion = 5.16.0;
			};
		};
		494BBC7D275E30E600010CF0 /* XCRemoteSwiftPackageReference "RxGRDB" */ = {
			isa = XCRemoteSwiftPackageReference;
			repositoryURL = "https://github.com/RxSwiftCommunity/RxGRDB";
			requirement = {
				kind = upToNextMajorVersion;
				minimumVersion = 2.1.0;
			};
		};
		494BBC80275E310300010CF0 /* XCRemoteSwiftPackageReference "RxDataSources" */ = {
			isa = XCRemoteSwiftPackageReference;
			repositoryURL = "https://github.com/RxSwiftCommunity/RxDataSources.git";
			requirement = {
				kind = upToNextMajorVersion;
				minimumVersion = 5.0.2;
			};
		};
		494BBC85275E314600010CF0 /* XCRemoteSwiftPackageReference "Moya" */ = {
			isa = XCRemoteSwiftPackageReference;
			repositoryURL = "https://github.com/sachin-rao-coditas/Moya.git";
			requirement = {
				kind = upToNextMajorVersion;
				minimumVersion = 15.0.1;
			};
		};
		4962039B275CDA19004F26C5 /* XCRemoteSwiftPackageReference "Kingfisher" */ = {
			isa = XCRemoteSwiftPackageReference;
			repositoryURL = "https://github.com/onevcat/Kingfisher.git";
			requirement = {
				kind = upToNextMajorVersion;
				minimumVersion = 7.1.1;
			};
		};
		4962039E275CDA34004F26C5 /* XCRemoteSwiftPackageReference "SnapKit" */ = {
			isa = XCRemoteSwiftPackageReference;
			repositoryURL = "https://github.com/SnapKit/SnapKit";
			requirement = {
				kind = upToNextMajorVersion;
				minimumVersion = 5.0.1;
			};
		};
		4973C0A9275DB26F0086F5C6 /* XCRemoteSwiftPackageReference "ProgressWebViewController" */ = {
			isa = XCRemoteSwiftPackageReference;
			repositoryURL = "https://github.com/kf99916/ProgressWebViewController.git";
			requirement = {
				kind = upToNextMajorVersion;
				minimumVersion = 2.0.0;
			};
		};
		497D14FB276DF56A00E12CB1 /* XCRemoteSwiftPackageReference "firebase-ios-sdk" */ = {
			isa = XCRemoteSwiftPackageReference;
			repositoryURL = "https://github.com/firebase/firebase-ios-sdk";
			requirement = {
				kind = upToNextMajorVersion;
				minimumVersion = 8.10.0;
			};
		};
		497D1514276E1F2D00E12CB1 /* XCRemoteSwiftPackageReference "SwiftKeychainWrapper" */ = {
			isa = XCRemoteSwiftPackageReference;
			repositoryURL = "https://github.com/jrendel/SwiftKeychainWrapper";
			requirement = {
				kind = upToNextMajorVersion;
				minimumVersion = 4.0.1;
			};
		};
/* End XCRemoteSwiftPackageReference section */

/* Begin XCSwiftPackageProductDependency section */
		494BBC72275E309D00010CF0 /* RxSwift */ = {
			isa = XCSwiftPackageProductDependency;
			package = 494BBC71275E309D00010CF0 /* XCRemoteSwiftPackageReference "RxSwift" */;
			productName = RxSwift;
		};
		494BBC74275E309D00010CF0 /* RxRelay */ = {
			isa = XCSwiftPackageProductDependency;
			package = 494BBC71275E309D00010CF0 /* XCRemoteSwiftPackageReference "RxSwift" */;
			productName = RxRelay;
		};
		494BBC76275E309D00010CF0 /* RxCocoa */ = {
			isa = XCSwiftPackageProductDependency;
			package = 494BBC71275E309D00010CF0 /* XCRemoteSwiftPackageReference "RxSwift" */;
			productName = RxCocoa;
		};
		494BBC78275E309D00010CF0 /* RxBlocking */ = {
			isa = XCSwiftPackageProductDependency;
			package = 494BBC71275E309D00010CF0 /* XCRemoteSwiftPackageReference "RxSwift" */;
			productName = RxBlocking;
		};
		494BBC7B275E30DA00010CF0 /* GRDB */ = {
			isa = XCSwiftPackageProductDependency;
			package = 494BBC7A275E30D900010CF0 /* XCRemoteSwiftPackageReference "GRDB" */;
			productName = GRDB;
		};
		494BBC7E275E30E600010CF0 /* RxGRDB */ = {
			isa = XCSwiftPackageProductDependency;
			package = 494BBC7D275E30E600010CF0 /* XCRemoteSwiftPackageReference "RxGRDB" */;
			productName = RxGRDB;
		};
		494BBC81275E310300010CF0 /* RxDataSources */ = {
			isa = XCSwiftPackageProductDependency;
			package = 494BBC80275E310300010CF0 /* XCRemoteSwiftPackageReference "RxDataSources" */;
			productName = RxDataSources;
		};
		494BBC83275E310300010CF0 /* Differentiator */ = {
			isa = XCSwiftPackageProductDependency;
			package = 494BBC80275E310300010CF0 /* XCRemoteSwiftPackageReference "RxDataSources" */;
			productName = Differentiator;
		};
		494BBC86275E314600010CF0 /* ReactiveMoya */ = {
			isa = XCSwiftPackageProductDependency;
			package = 494BBC85275E314600010CF0 /* XCRemoteSwiftPackageReference "Moya" */;
			productName = ReactiveMoya;
		};
		494BBC88275E314600010CF0 /* CombineMoya */ = {
			isa = XCSwiftPackageProductDependency;
			package = 494BBC85275E314600010CF0 /* XCRemoteSwiftPackageReference "Moya" */;
			productName = CombineMoya;
		};
		494BBC8A275E314600010CF0 /* RxMoya */ = {
			isa = XCSwiftPackageProductDependency;
			package = 494BBC85275E314600010CF0 /* XCRemoteSwiftPackageReference "Moya" */;
			productName = RxMoya;
		};
		494BBC8C275E314600010CF0 /* Moya */ = {
			isa = XCSwiftPackageProductDependency;
			package = 494BBC85275E314600010CF0 /* XCRemoteSwiftPackageReference "Moya" */;
			productName = Moya;
		};
		4962039C275CDA19004F26C5 /* Kingfisher */ = {
			isa = XCSwiftPackageProductDependency;
			package = 4962039B275CDA19004F26C5 /* XCRemoteSwiftPackageReference "Kingfisher" */;
			productName = Kingfisher;
		};
		4962039F275CDA34004F26C5 /* SnapKit */ = {
			isa = XCSwiftPackageProductDependency;
			package = 4962039E275CDA34004F26C5 /* XCRemoteSwiftPackageReference "SnapKit" */;
			productName = SnapKit;
		};
		4973C0AA275DB26F0086F5C6 /* ProgressWebViewController */ = {
			isa = XCSwiftPackageProductDependency;
			package = 4973C0A9275DB26F0086F5C6 /* XCRemoteSwiftPackageReference "ProgressWebViewController" */;
			productName = ProgressWebViewController;
		};
		497D14FC276DF56A00E12CB1 /* FirebaseRemoteConfig */ = {
			isa = XCSwiftPackageProductDependency;
			package = 497D14FB276DF56A00E12CB1 /* XCRemoteSwiftPackageReference "firebase-ios-sdk" */;
			productName = FirebaseRemoteConfig;
		};
		497D1515276E1F2D00E12CB1 /* SwiftKeychainWrapper */ = {
			isa = XCSwiftPackageProductDependency;
			package = 497D1514276E1F2D00E12CB1 /* XCRemoteSwiftPackageReference "SwiftKeychainWrapper" */;
			productName = SwiftKeychainWrapper;
		};
/* End XCSwiftPackageProductDependency section */
	};
	rootObject = 4959D3C3275C899D00B4DDC4 /* Project object */;
}
